{
  "version": 4,
  "terraform_version": "1.15.0",
  "serial": 46,
  "lineage": "e87e2a93-8421-abd3-b3e3-0f7dbf25c963",
  "outputs": {
    "cluster_certificate_authority_data": {
      "value": "LS0tLS1CRUdJTiBDRVJUSUZJQ0FURS0tLS0tCk1JSURCVENDQWUyZ0F3SUJBZ0lJY1dwZkpzb1R3NFl3RFFZSktvWklodmNOQVFFTEJRQXdGVEVUTUJFR0ExVUUKQXhNS2EzVmlaWEp1WlhSbGN6QWVGdzB5TmpBMU1ERXhNekV5TWpGYUZ3MHpOakEwTWpneE16RTNNakZhTUJVeApFekFSQmdOVkJBTVRDbXQxWW1WeWJtVjBaWE13Z2dFaU1BMEdDU3FHU0liM0RRRUJBUVVBQTRJQkR3QXdnZ0VLCkFvSUJBUURleG14Tkhpcnl0TzFSemIvekNYcFNUK3FnVDFXMGFHUWJzV3RKQ3Znc3lQdUQyYndOay9mTkhRdWUKSFNmTkM0Uy9FR3B5Z1d6akppNFNvZW4wMFN3S3A1K1hpTDBzeDEwZjd6OEcwQk5naDYrNU5XeXdiSEtoMkw1dQpyaGk2dnovcm15OGxIa1lIWnFDTkYzRjRVUEhMNkVxc1FtSzUxTlhoT0NmeTF6ZG5FWTlWb3JrQlBLT0plaHVqCjJla1hIb2xTUzhoR1E4RXJCa0JwUEhUSGxLUm94NmtIRU1oeE83YWwrMXJLTTltQ3hwaXFVY3lBUmxNNTdOY0sKOGk0cE5LMGNRdXFwL1p0dlJRRVB1ejJQbHVvaVNhaU1lT0VZVlQ5eGhoNk9NdjU2WGQzb2lKUThjaHJvMU5VRgpNaWhOZ3RTdjN5TWZIdVZ4R1FIVDVpQkJIVEU5QWdNQkFBR2pXVEJYTUE0R0ExVWREd0VCL3dRRUF3SUNwREFQCkJnTlZIUk1CQWY4RUJUQURBUUgvTUIwR0ExVWREZ1FXQkJTSmtoQ2E5K25rN0VFMWlpNFRUbmxXK3pEak16QVYKQmdOVkhSRUVEakFNZ2dwcmRXSmxjbTVsZEdWek1BMEdDU3FHU0liM0RRRUJDd1VBQTRJQkFRQno1TS8vSVZKdgo1TkFZRnUvT3RlYWtzb0ZHbWo5N25SSU9rL1V2cTdXcXJhbVAvNUhWRFEyMTdrN1RMQlRxSFBzWjZUdS9RUkU3Cno2aHYvQVZjcVZ5akhKOUVmbmk4TDU1U0hrRWVxRHA0dWRrYlExamtVZFY0OHJsenlNZ0R4eHd0WVhldEIybjYKTVZycUR0YWwzb2haY3RnK1l4QnI2NlJQS3AzdzVhTmZvNFkrVkl6eStQRzJka2ExTWg4NG5qc1BHckdGQTlnbgpRRkZJcGdMYkFMN3B6OStUSDVDTkQ1U2VBRGhlUjI4cWllT2xkWVV6ZkQ1V0VmVkpCb3F3Q0QvWXFEbHVwMjl4CjZMR2FWS1E3Z2Z2NnlZQ21tbW14OTJnd0JKME94ejVyWVhCQXlIckFzSEJRTHpidFdETjRmVUxKVnluS1c5WXMKVDdFT04vZzBieFlpCi0tLS0tRU5EIENFUlRJRklDQVRFLS0tLS0K",
      "type": "string",
      "sensitive": true
    },
    "cluster_endpoint": {
      "value": "https://381F8E25514F62808BE90A46B882F4E3.gr7.us-east-1.eks.amazonaws.com",
      "type": "string"
    },
    "cluster_name": {
      "value": "shopease-development-cluster",
      "type": "string"
    },
    "cluster_oidc_issuer_url": {
      "value": "oidc.eks.us-east-1.amazonaws.com/id/381F8E25514F62808BE90A46B882F4E3",
      "type": "string"
    },
    "eks_node_role_name": {
      "value": "shopease-development-eks-node-role",
      "type": "string"
    },
    "private_subnet_ids": {
      "value": [
        "subnet-0c5b33efce4351944",
        "subnet-08086c8945dd6128a"
      ],
      "type": [
        "tuple",
        [
          "string",
          "string"
        ]
      ]
    },
    "public_subnet_ids": {
      "value": [
        "subnet-0df067557095a7cb4",
        "subnet-09e1f63aa3bde7904"
      ],
      "type": [
        "tuple",
        [
          "string",
          "string"
        ]
      ]
    },
    "vpc_id": {
      "value": "vpc-0907f023f935ca317",
      "type": "string"
    }
  },
  "resources": [
    {
      "module": "module.ec2_bastion",
      "mode": "data",
      "type": "aws_ami",
      "name": "amazon_linux_2023",
      "provider": "provider[\"registry.terraform.io/hashicorp/aws\"]",
      "instances": [
        {
          "schema_version": 0,
          "attributes": {
            "architecture": "x86_64",
            "arn": "arn:aws:ec2:us-east-1::image/ami-0244b3aa0b9e167c7",
            "block_device_mappings": [
              {
                "device_name": "/dev/xvda",
                "ebs": {
                  "delete_on_termination": "true",
                  "encrypted": "false",
                  "iops": "3000",
                  "snapshot_id": "snap-036231fca8f3e4008",
                  "throughput": "125",
                  "volume_initialization_rate": "0",
                  "volume_size": "2",
                  "volume_type": "gp3"
                },
                "no_device": "",
                "virtual_name": ""
              }
            ],
            "boot_mode": "uefi-preferred",
            "creation_date": "2026-04-29T19:57:21.000Z",
            "deprecation_time": "2026-07-28T20:02:00.000Z",
            "description": "Amazon Linux 2023 AMI 2023.11.20260427.1 x86_64 Minimal HVM kernel-6.18",
            "ena_support": true,
            "executable_users": null,
            "filter": [
              {
                "name": "name",
                "values": [
                  "al2023-ami-*-x86_64"
                ]
              },
              {
                "name": "state",
                "values": [
                  "available"
                ]
              },
              {
                "name": "virtualization-type",
                "values": [
                  "hvm"
                ]
              }
            ],
            "hypervisor": "xen",
            "id": "ami-0244b3aa0b9e167c7",
            "image_id": "ami-0244b3aa0b9e167c7",
            "image_location": "amazon/al2023-ami-minimal-2023.11.20260427.1-kernel-6.18-x86_64",
            "image_owner_alias": "amazon",
            "image_type": "machine",
            "imds_support": "v2.0",
            "include_deprecated": false,
            "kernel_id": "",
            "last_launched_time": "",
            "most_recent": true,
            "name": "al2023-ami-minimal-2023.11.20260427.1-kernel-6.18-x86_64",
            "name_regex": null,
            "owner_id": "137112412989",
            "owners": [
              "amazon"
            ],
            "platform": "",
            "platform_details": "Linux/UNIX",
            "product_codes": [],
            "public": true,
            "ramdisk_id": "",
            "root_device_name": "/dev/xvda",
            "root_device_type": "ebs",
            "root_snapshot_id": "snap-036231fca8f3e4008",
            "sriov_net_support": "simple",
            "state": "available",
            "state_reason": {
              "code": "UNSET",
              "message": "UNSET"
            },
            "tags": {},
            "timeouts": null,
            "tpm_support": "",
            "uefi_data": null,
            "usage_operation": "RunInstances",
            "virtualization_type": "hvm"
          },
          "sensitive_attributes": [],
          "identity_schema_version": 0
        }
      ]
    },
    {
      "module": "module.eks",
      "mode": "managed",
      "type": "aws_eks_cluster",
      "name": "main",
      "provider": "provider[\"registry.terraform.io/hashicorp/aws\"]",
      "instances": [
        {
          "schema_version": 1,
          "attributes": {
            "access_config": [
              {
                "authentication_mode": "API_AND_CONFIG_MAP",
                "bootstrap_cluster_creator_admin_permissions": true
              }
            ],
            "arn": "arn:aws:eks:us-east-1:605855663470:cluster/shopease-development-cluster",
            "bootstrap_self_managed_addons": true,
            "certificate_authority": [
              {
                "data": "LS0tLS1CRUdJTiBDRVJUSUZJQ0FURS0tLS0tCk1JSURCVENDQWUyZ0F3SUJBZ0lJY1dwZkpzb1R3NFl3RFFZSktvWklodmNOQVFFTEJRQXdGVEVUTUJFR0ExVUUKQXhNS2EzVmlaWEp1WlhSbGN6QWVGdzB5TmpBMU1ERXhNekV5TWpGYUZ3MHpOakEwTWpneE16RTNNakZhTUJVeApFekFSQmdOVkJBTVRDbXQxWW1WeWJtVjBaWE13Z2dFaU1BMEdDU3FHU0liM0RRRUJBUVVBQTRJQkR3QXdnZ0VLCkFvSUJBUURleG14Tkhpcnl0TzFSemIvekNYcFNUK3FnVDFXMGFHUWJzV3RKQ3Znc3lQdUQyYndOay9mTkhRdWUKSFNmTkM0Uy9FR3B5Z1d6akppNFNvZW4wMFN3S3A1K1hpTDBzeDEwZjd6OEcwQk5naDYrNU5XeXdiSEtoMkw1dQpyaGk2dnovcm15OGxIa1lIWnFDTkYzRjRVUEhMNkVxc1FtSzUxTlhoT0NmeTF6ZG5FWTlWb3JrQlBLT0plaHVqCjJla1hIb2xTUzhoR1E4RXJCa0JwUEhUSGxLUm94NmtIRU1oeE83YWwrMXJLTTltQ3hwaXFVY3lBUmxNNTdOY0sKOGk0cE5LMGNRdXFwL1p0dlJRRVB1ejJQbHVvaVNhaU1lT0VZVlQ5eGhoNk9NdjU2WGQzb2lKUThjaHJvMU5VRgpNaWhOZ3RTdjN5TWZIdVZ4R1FIVDVpQkJIVEU5QWdNQkFBR2pXVEJYTUE0R0ExVWREd0VCL3dRRUF3SUNwREFQCkJnTlZIUk1CQWY4RUJUQURBUUgvTUIwR0ExVWREZ1FXQkJTSmtoQ2E5K25rN0VFMWlpNFRUbmxXK3pEak16QVYKQmdOVkhSRUVEakFNZ2dwcmRXSmxjbTVsZEdWek1BMEdDU3FHU0liM0RRRUJDd1VBQTRJQkFRQno1TS8vSVZKdgo1TkFZRnUvT3RlYWtzb0ZHbWo5N25SSU9rL1V2cTdXcXJhbVAvNUhWRFEyMTdrN1RMQlRxSFBzWjZUdS9RUkU3Cno2aHYvQVZjcVZ5akhKOUVmbmk4TDU1U0hrRWVxRHA0dWRrYlExamtVZFY0OHJsenlNZ0R4eHd0WVhldEIybjYKTVZycUR0YWwzb2haY3RnK1l4QnI2NlJQS3AzdzVhTmZvNFkrVkl6eStQRzJka2ExTWg4NG5qc1BHckdGQTlnbgpRRkZJcGdMYkFMN3B6OStUSDVDTkQ1U2VBRGhlUjI4cWllT2xkWVV6ZkQ1V0VmVkpCb3F3Q0QvWXFEbHVwMjl4CjZMR2FWS1E3Z2Z2NnlZQ21tbW14OTJnd0JKME94ejVyWVhCQXlIckFzSEJRTHpidFdETjRmVUxKVnluS1c5WXMKVDdFT04vZzBieFlpCi0tLS0tRU5EIENFUlRJRklDQVRFLS0tLS0K"
              }
            ],
            "cluster_id": null,
            "compute_config": [],
            "created_at": "2026-05-01T13:12:07Z",
            "enabled_cluster_log_types": [
              "api",
              "audit"
            ],
            "encryption_config": [
              {
                "provider": [
                  {
                    "key_arn": "arn:aws:kms:us-east-1:605855663470:key/a851e8ec-a3c5-416d-85af-c5108b2f983f"
                  }
                ],
                "resources": [
                  "secrets"
                ]
              }
            ],
            "endpoint": "https://381F8E25514F62808BE90A46B882F4E3.gr7.us-east-1.eks.amazonaws.com",
            "force_update_version": null,
            "id": "shopease-development-cluster",
            "identity": [
              {
                "oidc": [
                  {
                    "issuer": "https://oidc.eks.us-east-1.amazonaws.com/id/381F8E25514F62808BE90A46B882F4E3"
                  }
                ]
              }
            ],
            "kubernetes_network_config": [
              {
                "elastic_load_balancing": [
                  {
                    "enabled": false
                  }
                ],
                "ip_family": "ipv4",
                "service_ipv4_cidr": "172.20.0.0/16",
                "service_ipv6_cidr": ""
              }
            ],
            "name": "shopease-development-cluster",
            "outpost_config": [],
            "platform_version": "eks.41",
            "remote_network_config": [],
            "role_arn": "arn:aws:iam::605855663470:role/shopease-development-eks-cluster-role",
            "status": "ACTIVE",
            "storage_config": [],
            "tags": {
              "Application": "ShopEase-Ecommerce",
              "CostCenter": "engineering",
              "CreatedBy": "platform-team",
              "Environment": "development",
              "ManagedBy": "Terraform",
              "Owner": "devops@shopease.com",
              "Project": "shopease"
            },
            "tags_all": {
              "Application": "ShopEase-Ecommerce",
              "CostCenter": "engineering",
              "CreatedBy": "platform-team",
              "Environment": "development",
              "Layer": "1-infrastructure",
              "ManagedBy": "Terraform",
              "Owner": "devops@shopease.com",
              "Project": "shopease"
            },
            "timeouts": null,
            "upgrade_policy": [
              {
                "support_type": "EXTENDED"
              }
            ],
            "version": "1.32",
            "vpc_config": [
              {
                "cluster_security_group_id": "sg-0dcaab350edb5e25f",
                "endpoint_private_access": true,
                "endpoint_public_access": true,
                "public_access_cidrs": [
                  "0.0.0.0/0"
                ],
                "security_group_ids": null,
                "subnet_ids": [
                  "subnet-08086c8945dd6128a",
                  "subnet-09e1f63aa3bde7904",
                  "subnet-0c5b33efce4351944",
                  "subnet-0df067557095a7cb4"
                ],
                "vpc_id": "vpc-0907f023f935ca317"
              }
            ],
            "zonal_shift_config": []
          },
          "sensitive_attributes": [],
          "identity_schema_version": 0,
          "private": "eyJlMmJmYjczMC1lY2FhLTExZTYtOGY4OC0zNDM2M2JjN2M0YzAiOnsiY3JlYXRlIjoxODAwMDAwMDAwMDAwLCJkZWxldGUiOjkwMDAwMDAwMDAwMCwidXBkYXRlIjozNjAwMDAwMDAwMDAwfSwic2NoZW1hX3ZlcnNpb24iOiIxIn0=",
          "dependencies": [
            "module.iam.aws_iam_instance_profile.bastion",
            "module.iam.aws_iam_role.bastion",
            "module.iam.aws_iam_role.eks_cluster",
            "module.iam.aws_iam_role.eks_nodes",
            "module.iam.aws_iam_role_policy_attachment.bastion_ssm",
            "module.iam.aws_iam_role_policy_attachment.eks_cloudwatch_policy",
            "module.iam.aws_iam_role_policy_attachment.eks_cluster_policy",
            "module.iam.aws_iam_role_policy_attachment.eks_cni_policy",
            "module.iam.aws_iam_role_policy_attachment.eks_container_registry_policy",
            "module.iam.aws_iam_role_policy_attachment.eks_ssm_policy",
            "module.iam.aws_iam_role_policy_attachment.eks_vpc_resource_controller",
            "module.iam.aws_iam_role_policy_attachment.eks_worker_node_policy",
            "module.iam.aws_kms_alias.eks_secrets",
            "module.iam.aws_kms_key.eks_secrets",
            "module.iam.aws_kms_key_policy.eks_secrets",
            "module.iam.data.aws_caller_identity.current",
            "module.vpc.aws_eip.nat",
            "module.vpc.aws_internet_gateway.main",
            "module.vpc.aws_nat_gateway.main",
            "module.vpc.aws_route_table.private",
            "module.vpc.aws_route_table.public",
            "module.vpc.aws_route_table_association.private",
            "module.vpc.aws_route_table_association.public",
            "module.vpc.aws_security_group.vpc_endpoints",
            "module.vpc.aws_subnet.private",
            "module.vpc.aws_subnet.public",
            "module.vpc.aws_vpc.main",
            "module.vpc.aws_vpc_endpoint.ec2",
            "module.vpc.aws_vpc_endpoint.ecr_api",
            "module.vpc.aws_vpc_endpoint.ecr_dkr",
            "module.vpc.aws_vpc_endpoint.s3",
            "module.vpc.data.aws_region.current"
          ]
        }
      ]
    },
    {
      "module": "module.eks",
      "mode": "managed",
      "type": "aws_eks_node_group",
      "name": "database",
      "provider": "provider[\"registry.terraform.io/hashicorp/aws\"]",
      "instances": [
        {
          "schema_version": 0,
          "attributes": {
            "ami_type": "AL2023_x86_64_STANDARD",
            "arn": "arn:aws:eks:us-east-1:605855663470:nodegroup/shopease-development-cluster/shopease-development-database-nodes/a2cef1da-0347-fa37-9612-3b24ab25520b",
            "capacity_type": "ON_DEMAND",
            "cluster_name": "shopease-development-cluster",
            "disk_size": 50,
            "force_update_version": null,
            "id": "shopease-development-cluster:shopease-development-database-nodes",
            "instance_types": [
              "t3.medium"
            ],
            "labels": {
              "environment": "development",
              "node-type": "database"
            },
            "launch_template": [],
            "node_group_name": "shopease-development-database-nodes",
            "node_group_name_prefix": "",
            "node_repair_config": [],
            "node_role_arn": "arn:aws:iam::605855663470:role/shopease-development-eks-node-role",
            "release_version": "1.32.13-20260423",
            "remote_access": [],
            "resources": [
              {
                "autoscaling_groups": [
                  {
                    "name": "eks-shopease-development-database-nodes-a2cef1da-0347-fa37-9612-3b24ab25520b"
                  }
                ],
                "remote_access_security_group_id": ""
              }
            ],
            "scaling_config": [
              {
                "desired_size": 1,
                "max_size": 2,
                "min_size": 1
              }
            ],
            "status": "ACTIVE",
            "subnet_ids": [
              "subnet-08086c8945dd6128a",
              "subnet-0c5b33efce4351944"
            ],
            "tags": {
              "Application": "ShopEase-Ecommerce",
              "CostCenter": "engineering",
              "CreatedBy": "platform-team",
              "Environment": "development",
              "ManagedBy": "Terraform",
              "Name": "shopease-development-database-nodes",
              "Owner": "devops@shopease.com",
              "Project": "shopease"
            },
            "tags_all": {
              "Application": "ShopEase-Ecommerce",
              "CostCenter": "engineering",
              "CreatedBy": "platform-team",
              "Environment": "development",
              "Layer": "1-infrastructure",
              "ManagedBy": "Terraform",
              "Name": "shopease-development-database-nodes",
              "Owner": "devops@shopease.com",
              "Project": "shopease"
            },
            "taint": [
              {
                "effect": "NO_SCHEDULE",
                "key": "workload",
                "value": "database"
              }
            ],
            "timeouts": null,
            "update_config": [
              {
                "max_unavailable": 1,
                "max_unavailable_percentage": 0
              }
            ],
            "version": "1.32"
          },
          "sensitive_attributes": [],
          "identity_schema_version": 0,
          "private": "eyJlMmJmYjczMC1lY2FhLTExZTYtOGY4OC0zNDM2M2JjN2M0YzAiOnsiY3JlYXRlIjozNjAwMDAwMDAwMDAwLCJkZWxldGUiOjM2MDAwMDAwMDAwMDAsInVwZGF0ZSI6MzYwMDAwMDAwMDAwMH19",
          "dependencies": [
            "module.eks.aws_eks_cluster.main",
            "module.iam.aws_iam_instance_profile.bastion",
            "module.iam.aws_iam_role.bastion",
            "module.iam.aws_iam_role.eks_cluster",
            "module.iam.aws_iam_role.eks_nodes",
            "module.iam.aws_iam_role_policy_attachment.bastion_ssm",
            "module.iam.aws_iam_role_policy_attachment.eks_cloudwatch_policy",
            "module.iam.aws_iam_role_policy_attachment.eks_cluster_policy",
            "module.iam.aws_iam_role_policy_attachment.eks_cni_policy",
            "module.iam.aws_iam_role_policy_attachment.eks_container_registry_policy",
            "module.iam.aws_iam_role_policy_attachment.eks_ssm_policy",
            "module.iam.aws_iam_role_policy_attachment.eks_vpc_resource_controller",
            "module.iam.aws_iam_role_policy_attachment.eks_worker_node_policy",
            "module.iam.aws_kms_alias.eks_secrets",
            "module.iam.aws_kms_key.eks_secrets",
            "module.iam.aws_kms_key_policy.eks_secrets",
            "module.iam.data.aws_caller_identity.current",
            "module.vpc.aws_eip.nat",
            "module.vpc.aws_internet_gateway.main",
            "module.vpc.aws_nat_gateway.main",
            "module.vpc.aws_route_table.private",
            "module.vpc.aws_route_table.public",
            "module.vpc.aws_route_table_association.private",
            "module.vpc.aws_route_table_association.public",
            "module.vpc.aws_security_group.vpc_endpoints",
            "module.vpc.aws_subnet.private",
            "module.vpc.aws_subnet.public",
            "module.vpc.aws_vpc.main",
            "module.vpc.aws_vpc_endpoint.ec2",
            "module.vpc.aws_vpc_endpoint.ecr_api",
            "module.vpc.aws_vpc_endpoint.ecr_dkr",
            "module.vpc.aws_vpc_endpoint.s3",
            "module.vpc.data.aws_region.current"
          ]
        }
      ]
    },
    {
      "module": "module.eks",
      "mode": "managed",
      "type": "aws_eks_node_group",
      "name": "general",
      "provider": "provider[\"registry.terraform.io/hashicorp/aws\"]",
      "instances": [
        {
          "schema_version": 0,
          "attributes": {
            "ami_type": "AL2023_x86_64_STANDARD",
            "arn": "arn:aws:eks:us-east-1:605855663470:nodegroup/shopease-development-cluster/shopease-development-general-nodes/04cef1da-0348-150a-10d4-037647f52790",
            "capacity_type": "ON_DEMAND",
            "cluster_name": "shopease-development-cluster",
            "disk_size": 50,
            "force_update_version": null,
            "id": "shopease-development-cluster:shopease-development-general-nodes",
            "instance_types": [
              "t3.medium"
            ],
            "labels": {
              "environment": "development",
              "node-type": "general"
            },
            "launch_template": [],
            "node_group_name": "shopease-development-general-nodes",
            "node_group_name_prefix": "",
            "node_repair_config": [],
            "node_role_arn": "arn:aws:iam::605855663470:role/shopease-development-eks-node-role",
            "release_version": "1.32.13-20260423",
            "remote_access": [],
            "resources": [
              {
                "autoscaling_groups": [
                  {
                    "name": "eks-shopease-development-general-nodes-04cef1da-0348-150a-10d4-037647f52790"
                  }
                ],
                "remote_access_security_group_id": ""
              }
            ],
            "scaling_config": [
              {
                "desired_size": 2,
                "max_size": 4,
                "min_size": 2
              }
            ],
            "status": "ACTIVE",
            "subnet_ids": [
              "subnet-08086c8945dd6128a",
              "subnet-0c5b33efce4351944"
            ],
            "tags": {
              "Application": "ShopEase-Ecommerce",
              "CostCenter": "engineering",
              "CreatedBy": "platform-team",
              "Environment": "development",
              "ManagedBy": "Terraform",
              "Name": "shopease-development-general-nodes",
              "Owner": "devops@shopease.com",
              "Project": "shopease"
            },
            "tags_all": {
              "Application": "ShopEase-Ecommerce",
              "CostCenter": "engineering",
              "CreatedBy": "platform-team",
              "Environment": "development",
              "Layer": "1-infrastructure",
              "ManagedBy": "Terraform",
              "Name": "shopease-development-general-nodes",
              "Owner": "devops@shopease.com",
              "Project": "shopease"
            },
            "taint": [],
            "timeouts": null,
            "update_config": [
              {
                "max_unavailable": 0,
                "max_unavailable_percentage": 33
              }
            ],
            "version": "1.32"
          },
          "sensitive_attributes": [],
          "identity_schema_version": 0,
          "private": "eyJlMmJmYjczMC1lY2FhLTExZTYtOGY4OC0zNDM2M2JjN2M0YzAiOnsiY3JlYXRlIjozNjAwMDAwMDAwMDAwLCJkZWxldGUiOjM2MDAwMDAwMDAwMDAsInVwZGF0ZSI6MzYwMDAwMDAwMDAwMH19",
          "dependencies": [
            "module.eks.aws_eks_cluster.main",
            "module.iam.aws_iam_instance_profile.bastion",
            "module.iam.aws_iam_role.bastion",
            "module.iam.aws_iam_role.eks_cluster",
            "module.iam.aws_iam_role.eks_nodes",
            "module.iam.aws_iam_role_policy_attachment.bastion_ssm",
            "module.iam.aws_iam_role_policy_attachment.eks_cloudwatch_policy",
            "module.iam.aws_iam_role_policy_attachment.eks_cluster_policy",
            "module.iam.aws_iam_role_policy_attachment.eks_cni_policy",
            "module.iam.aws_iam_role_policy_attachment.eks_container_registry_policy",
            "module.iam.aws_iam_role_policy_attachment.eks_ssm_policy",
            "module.iam.aws_iam_role_policy_attachment.eks_vpc_resource_controller",
            "module.iam.aws_iam_role_policy_attachment.eks_worker_node_policy",
            "module.iam.aws_kms_alias.eks_secrets",
            "module.iam.aws_kms_key.eks_secrets",
            "module.iam.aws_kms_key_policy.eks_secrets",
            "module.iam.data.aws_caller_identity.current",
            "module.vpc.aws_eip.nat",
            "module.vpc.aws_internet_gateway.main",
            "module.vpc.aws_nat_gateway.main",
            "module.vpc.aws_route_table.private",
            "module.vpc.aws_route_table.public",
            "module.vpc.aws_route_table_association.private",
            "module.vpc.aws_route_table_association.public",
            "module.vpc.aws_security_group.vpc_endpoints",
            "module.vpc.aws_subnet.private",
            "module.vpc.aws_subnet.public",
            "module.vpc.aws_vpc.main",
            "module.vpc.aws_vpc_endpoint.ec2",
            "module.vpc.aws_vpc_endpoint.ecr_api",
            "module.vpc.aws_vpc_endpoint.ecr_dkr",
            "module.vpc.aws_vpc_endpoint.s3",
            "module.vpc.data.aws_region.current"
          ]
        }
      ]
    },
    {
      "module": "module.eks",
      "mode": "managed",
      "type": "aws_eks_node_group",
      "name": "gpu",
      "provider": "provider[\"registry.terraform.io/hashicorp/aws\"]",
      "instances": [
        {
          "status": "tainted",
          "schema_version": 0,
          "attributes": {
            "ami_type": null,
            "arn": null,
            "capacity_type": "ON_DEMAND",
            "cluster_name": "shopease-development-cluster",
            "disk_size": 100,
            "force_update_version": null,
            "id": "shopease-development-cluster:shopease-development-gpu-nodes",
            "instance_types": [
              "g4dn.xlarge"
            ],
            "labels": {
              "environment": "development",
              "k8s.amazonaws.com/accelerator": "nvidia-tesla",
              "node-type": "gpu",
              "nvidia.com/gpu": "true"
            },
            "launch_template": [],
            "node_group_name": "shopease-development-gpu-nodes",
            "node_group_name_prefix": null,
            "node_repair_config": null,
            "node_role_arn": "arn:aws:iam::605855663470:role/shopease-development-eks-node-role",
            "release_version": null,
            "remote_access": [],
            "resources": null,
            "scaling_config": [
              {
                "desired_size": 1,
                "max_size": 3,
                "min_size": 0
              }
            ],
            "status": null,
            "subnet_ids": [
              "subnet-08086c8945dd6128a",
              "subnet-0c5b33efce4351944"
            ],
            "tags": {
              "Application": "ShopEase-Ecommerce",
              "CostCenter": "engineering",
              "CreatedBy": "platform-team",
              "Environment": "development",
              "ManagedBy": "Terraform",
              "Name": "shopease-development-gpu-nodes",
              "Owner": "devops@shopease.com",
              "Project": "shopease"
            },
            "tags_all": {
              "Application": "ShopEase-Ecommerce",
              "CostCenter": "engineering",
              "CreatedBy": "platform-team",
              "Environment": "development",
              "Layer": "1-infrastructure",
              "ManagedBy": "Terraform",
              "Name": "shopease-development-gpu-nodes",
              "Owner": "devops@shopease.com",
              "Project": "shopease"
            },
            "taint": [
              {
                "effect": "NO_SCHEDULE",
                "key": "workload",
                "value": "gpu"
              }
            ],
            "timeouts": null,
            "update_config": [
              {
                "max_unavailable": 1,
                "max_unavailable_percentage": 0
              }
            ],
            "version": null
          },
          "sensitive_attributes": [],
          "identity_schema_version": 0,
          "private": "eyJlMmJmYjczMC1lY2FhLTExZTYtOGY4OC0zNDM2M2JjN2M0YzAiOnsiY3JlYXRlIjozNjAwMDAwMDAwMDAwLCJkZWxldGUiOjM2MDAwMDAwMDAwMDAsInVwZGF0ZSI6MzYwMDAwMDAwMDAwMH19",
          "dependencies": [
            "module.eks.aws_eks_cluster.main",
            "module.iam.aws_iam_instance_profile.bastion",
            "module.iam.aws_iam_role.bastion",
            "module.iam.aws_iam_role.eks_cluster",
            "module.iam.aws_iam_role.eks_nodes",
            "module.iam.aws_iam_role_policy_attachment.bastion_ssm",
            "module.iam.aws_iam_role_policy_attachment.eks_cloudwatch_policy",
            "module.iam.aws_iam_role_policy_attachment.eks_cluster_policy",
            "module.iam.aws_iam_role_policy_attachment.eks_cni_policy",
            "module.iam.aws_iam_role_policy_attachment.eks_container_registry_policy",
            "module.iam.aws_iam_role_policy_attachment.eks_ssm_policy",
            "module.iam.aws_iam_role_policy_attachment.eks_vpc_resource_controller",
            "module.iam.aws_iam_role_policy_attachment.eks_worker_node_policy",
            "module.iam.aws_kms_alias.eks_secrets",
            "module.iam.aws_kms_key.eks_secrets",
            "module.iam.aws_kms_key_policy.eks_secrets",
            "module.iam.data.aws_caller_identity.current",
            "module.vpc.aws_eip.nat",
            "module.vpc.aws_internet_gateway.main",
            "module.vpc.aws_nat_gateway.main",
            "module.vpc.aws_route_table.private",
            "module.vpc.aws_route_table.public",
            "module.vpc.aws_route_table_association.private",
            "module.vpc.aws_route_table_association.public",
            "module.vpc.aws_security_group.vpc_endpoints",
            "module.vpc.aws_subnet.private",
            "module.vpc.aws_subnet.public",
            "module.vpc.aws_vpc.main",
            "module.vpc.aws_vpc_endpoint.ec2",
            "module.vpc.aws_vpc_endpoint.ecr_api",
            "module.vpc.aws_vpc_endpoint.ecr_dkr",
            "module.vpc.aws_vpc_endpoint.s3",
            "module.vpc.data.aws_region.current"
          ]
        }
      ]
    },
    {
      "module": "module.iam",
      "mode": "data",
      "type": "aws_caller_identity",
      "name": "current",
      "provider": "provider[\"registry.terraform.io/hashicorp/aws\"]",
      "instances": [
        {
          "schema_version": 0,
          "attributes": {
            "account_id": "605855663470",
            "arn": "arn:aws:sts::605855663470:assumed-role/Terraform-Infra/i-08ecdee65678d638f",
            "id": "605855663470",
            "user_id": "AROAY2D6PYVXPWILADEW7:i-08ecdee65678d638f"
          },
          "sensitive_attributes": [],
          "identity_schema_version": 0
        }
      ]
    },
    {
      "module": "module.iam",
      "mode": "managed",
      "type": "aws_iam_instance_profile",
      "name": "bastion",
      "provider": "provider[\"registry.terraform.io/hashicorp/aws\"]",
      "instances": [
        {
          "schema_version": 0,
          "attributes": {
            "arn": "arn:aws:iam::605855663470:instance-profile/shopease-development-bastion-profile",
            "create_date": "2026-05-01T13:11:58Z",
            "id": "shopease-development-bastion-profile",
            "name": "shopease-development-bastion-profile",
            "name_prefix": "",
            "path": "/",
            "role": "shopease-development-bastion-role",
            "tags": {
              "Application": "ShopEase-Ecommerce",
              "CostCenter": "engineering",
              "CreatedBy": "platform-team",
              "Environment": "development",
              "ManagedBy": "Terraform",
              "Name": "shopease-development-bastion-profile",
              "Owner": "devops@shopease.com",
              "Project": "shopease"
            },
            "tags_all": {
              "Application": "ShopEase-Ecommerce",
              "CostCenter": "engineering",
              "CreatedBy": "platform-team",
              "Environment": "development",
              "Layer": "1-infrastructure",
              "ManagedBy": "Terraform",
              "Name": "shopease-development-bastion-profile",
              "Owner": "devops@shopease.com",
              "Project": "shopease"
            },
            "unique_id": "AIPAY2D6PYVXFYCHA7ZB7"
          },
          "sensitive_attributes": [],
          "identity_schema_version": 0,
          "private": "bnVsbA==",
          "dependencies": [
            "module.iam.aws_iam_role.bastion"
          ]
        }
      ]
    },
    {
      "module": "module.iam",
      "mode": "managed",
      "type": "aws_iam_role",
      "name": "bastion",
      "provider": "provider[\"registry.terraform.io/hashicorp/aws\"]",
      "instances": [
        {
          "schema_version": 0,
          "attributes": {
            "arn": "arn:aws:iam::605855663470:role/shopease-development-bastion-role",
            "assume_role_policy": "{\"Statement\":[{\"Action\":\"sts:AssumeRole\",\"Effect\":\"Allow\",\"Principal\":{\"Service\":\"ec2.amazonaws.com\"}}],\"Version\":\"2012-10-17\"}",
            "create_date": "2026-05-01T13:11:58Z",
            "description": "Role for bastion EC2 instance - SSM access only",
            "force_detach_policies": false,
            "id": "shopease-development-bastion-role",
            "inline_policy": [],
            "managed_policy_arns": [],
            "max_session_duration": 3600,
            "name": "shopease-development-bastion-role",
            "name_prefix": "",
            "path": "/",
            "permissions_boundary": "",
            "tags": {
              "Application": "ShopEase-Ecommerce",
              "CostCenter": "engineering",
              "CreatedBy": "platform-team",
              "Environment": "development",
              "ManagedBy": "Terraform",
              "Name": "shopease-development-bastion-role",
              "Owner": "devops@shopease.com",
              "Project": "shopease"
            },
            "tags_all": {
              "Application": "ShopEase-Ecommerce",
              "CostCenter": "engineering",
              "CreatedBy": "platform-team",
              "Environment": "development",
              "Layer": "1-infrastructure",
              "ManagedBy": "Terraform",
              "Name": "shopease-development-bastion-role",
              "Owner": "devops@shopease.com",
              "Project": "shopease"
            },
            "unique_id": "AROAY2D6PYVXHW6JVSDZA"
          },
          "sensitive_attributes": [],
          "identity_schema_version": 0,
          "private": "bnVsbA=="
        }
      ]
    },
    {
      "module": "module.iam",
      "mode": "managed",
      "type": "aws_iam_role",
      "name": "eks_cluster",
      "provider": "provider[\"registry.terraform.io/hashicorp/aws\"]",
      "instances": [
        {
          "schema_version": 0,
          "attributes": {
            "arn": "arn:aws:iam::605855663470:role/shopease-development-eks-cluster-role",
            "assume_role_policy": "{\"Statement\":[{\"Action\":\"sts:AssumeRole\",\"Effect\":\"Allow\",\"Principal\":{\"Service\":\"eks.amazonaws.com\"}}],\"Version\":\"2012-10-17\"}",
            "create_date": "2026-05-01T13:05:16Z",
            "description": "Role assumed by the EKS control plane",
            "force_detach_policies": false,
            "id": "shopease-development-eks-cluster-role",
            "inline_policy": [],
            "managed_policy_arns": [
              "arn:aws:iam::aws:policy/AmazonEKSClusterPolicy",
              "arn:aws:iam::aws:policy/AmazonEKSVPCResourceController"
            ],
            "max_session_duration": 3600,
            "name": "shopease-development-eks-cluster-role",
            "name_prefix": "",
            "path": "/",
            "permissions_boundary": "",
            "tags": {
              "Application": "ShopEase-Ecommerce",
              "CostCenter": "engineering",
              "CreatedBy": "platform-team",
              "Environment": "development",
              "ManagedBy": "Terraform",
              "Name": "shopease-development-eks-cluster-role",
              "Owner": "devops@shopease.com",
              "Project": "shopease"
            },
            "tags_all": {
              "Application": "ShopEase-Ecommerce",
              "CostCenter": "engineering",
              "CreatedBy": "platform-team",
              "Environment": "development",
              "Layer": "1-infrastructure",
              "ManagedBy": "Terraform",
              "Name": "shopease-development-eks-cluster-role",
              "Owner": "devops@shopease.com",
              "Project": "shopease"
            },
            "unique_id": "AROAY2D6PYVXJEPJUK7QC"
          },
          "sensitive_attributes": [],
          "identity_schema_version": 0,
          "private": "bnVsbA=="
        }
      ]
    },
    {
      "module": "module.iam",
      "mode": "managed",
      "type": "aws_iam_role",
      "name": "eks_nodes",
      "provider": "provider[\"registry.terraform.io/hashicorp/aws\"]",
      "instances": [
        {
          "schema_version": 0,
          "attributes": {
            "arn": "arn:aws:iam::605855663470:role/shopease-development-eks-node-role",
            "assume_role_policy": "{\"Statement\":[{\"Action\":\"sts:AssumeRole\",\"Effect\":\"Allow\",\"Principal\":{\"Service\":\"ec2.amazonaws.com\"}}],\"Version\":\"2012-10-17\"}",
            "create_date": "2026-05-01T13:05:16Z",
            "description": "Role assumed by all EKS worker nodes (EC2)",
            "force_detach_policies": false,
            "id": "shopease-development-eks-node-role",
            "inline_policy": [],
            "managed_policy_arns": [
              "arn:aws:iam::aws:policy/AmazonEC2ContainerRegistryReadOnly",
              "arn:aws:iam::aws:policy/AmazonEKSWorkerNodePolicy",
              "arn:aws:iam::aws:policy/AmazonEKS_CNI_Policy",
              "arn:aws:iam::aws:policy/AmazonSSMManagedInstanceCore",
              "arn:aws:iam::aws:policy/CloudWatchAgentServerPolicy"
            ],
            "max_session_duration": 3600,
            "name": "shopease-development-eks-node-role",
            "name_prefix": "",
            "path": "/",
            "permissions_boundary": "",
            "tags": {
              "Application": "ShopEase-Ecommerce",
              "CostCenter": "engineering",
              "CreatedBy": "platform-team",
              "Environment": "development",
              "ManagedBy": "Terraform",
              "Name": "shopease-development-eks-node-role",
              "Owner": "devops@shopease.com",
              "Project": "shopease"
            },
            "tags_all": {
              "Application": "ShopEase-Ecommerce",
              "CostCenter": "engineering",
              "CreatedBy": "platform-team",
              "Environment": "development",
              "Layer": "1-infrastructure",
              "ManagedBy": "Terraform",
              "Name": "shopease-development-eks-node-role",
              "Owner": "devops@shopease.com",
              "Project": "shopease"
            },
            "unique_id": "AROAY2D6PYVXINRVV3ZMJ"
          },
          "sensitive_attributes": [],
          "identity_schema_version": 0,
          "private": "bnVsbA=="
        }
      ]
    },
    {
      "module": "module.iam",
      "mode": "managed",
      "type": "aws_iam_role_policy_attachment",
      "name": "bastion_ssm",
      "provider": "provider[\"registry.terraform.io/hashicorp/aws\"]",
      "instances": [
        {
          "schema_version": 0,
          "attributes": {
            "id": "shopease-development-bastion-role-20260501131158749900000001",
            "policy_arn": "arn:aws:iam::aws:policy/AmazonSSMManagedInstanceCore",
            "role": "shopease-development-bastion-role"
          },
          "sensitive_attributes": [],
          "identity_schema_version": 0,
          "private": "bnVsbA==",
          "dependencies": [
            "module.iam.aws_iam_role.bastion"
          ]
        }
      ]
    },
    {
      "module": "module.iam",
      "mode": "managed",
      "type": "aws_iam_role_policy_attachment",
      "name": "eks_cloudwatch_policy",
      "provider": "provider[\"registry.terraform.io/hashicorp/aws\"]",
      "instances": [
        {
          "schema_version": 0,
          "attributes": {
            "id": "shopease-development-eks-node-role-20260501130516705300000003",
            "policy_arn": "arn:aws:iam::aws:policy/CloudWatchAgentServerPolicy",
            "role": "shopease-development-eks-node-role"
          },
          "sensitive_attributes": [],
          "identity_schema_version": 0,
          "private": "bnVsbA==",
          "dependencies": [
            "module.iam.aws_iam_role.eks_nodes"
          ]
        }
      ]
    },
    {
      "module": "module.iam",
      "mode": "managed",
      "type": "aws_iam_role_policy_attachment",
      "name": "eks_cluster_policy",
      "provider": "provider[\"registry.terraform.io/hashicorp/aws\"]",
      "instances": [
        {
          "schema_version": 0,
          "attributes": {
            "id": "shopease-development-eks-cluster-role-20260501130516680500000001",
            "policy_arn": "arn:aws:iam::aws:policy/AmazonEKSClusterPolicy",
            "role": "shopease-development-eks-cluster-role"
          },
          "sensitive_attributes": [],
          "identity_schema_version": 0,
          "private": "bnVsbA==",
          "dependencies": [
            "module.iam.aws_iam_role.eks_cluster"
          ]
        }
      ]
    },
    {
      "module": "module.iam",
      "mode": "managed",
      "type": "aws_iam_role_policy_attachment",
      "name": "eks_cni_policy",
      "provider": "provider[\"registry.terraform.io/hashicorp/aws\"]",
      "instances": [
        {
          "schema_version": 0,
          "attributes": {
            "id": "shopease-development-eks-node-role-20260501130516709400000004",
            "policy_arn": "arn:aws:iam::aws:policy/AmazonEKS_CNI_Policy",
            "role": "shopease-development-eks-node-role"
          },
          "sensitive_attributes": [],
          "identity_schema_version": 0,
          "private": "bnVsbA==",
          "dependencies": [
            "module.iam.aws_iam_role.eks_nodes"
          ]
        }
      ]
    },
    {
      "module": "module.iam",
      "mode": "managed",
      "type": "aws_iam_role_policy_attachment",
      "name": "eks_container_registry_policy",
      "provider": "provider[\"registry.terraform.io/hashicorp/aws\"]",
      "instances": [
        {
          "schema_version": 0,
          "attributes": {
            "id": "shopease-development-eks-node-role-20260501130516936000000007",
            "policy_arn": "arn:aws:iam::aws:policy/AmazonEC2ContainerRegistryReadOnly",
            "role": "shopease-development-eks-node-role"
          },
          "sensitive_attributes": [],
          "identity_schema_version": 0,
          "private": "bnVsbA==",
          "dependencies": [
            "module.iam.aws_iam_role.eks_nodes"
          ]
        }
      ]
    },
    {
      "module": "module.iam",
      "mode": "managed",
      "type": "aws_iam_role_policy_attachment",
      "name": "eks_ssm_policy",
      "provider": "provider[\"registry.terraform.io/hashicorp/aws\"]",
      "instances": [
        {
          "schema_version": 0,
          "attributes": {
            "id": "shopease-development-eks-node-role-20260501130516762500000005",
            "policy_arn": "arn:aws:iam::aws:policy/AmazonSSMManagedInstanceCore",
            "role": "shopease-development-eks-node-role"
          },
          "sensitive_attributes": [],
          "identity_schema_version": 0,
          "private": "bnVsbA==",
          "dependencies": [
            "module.iam.aws_iam_role.eks_nodes"
          ]
        }
      ]
    },
    {
      "module": "module.iam",
      "mode": "managed",
      "type": "aws_iam_role_policy_attachment",
      "name": "eks_vpc_resource_controller",
      "provider": "provider[\"registry.terraform.io/hashicorp/aws\"]",
      "instances": [
        {
          "schema_version": 0,
          "attributes": {
            "id": "shopease-development-eks-cluster-role-20260501130516683500000002",
            "policy_arn": "arn:aws:iam::aws:policy/AmazonEKSVPCResourceController",
            "role": "shopease-development-eks-cluster-role"
          },
          "sensitive_attributes": [],
          "identity_schema_version": 0,
          "private": "bnVsbA==",
          "dependencies": [
            "module.iam.aws_iam_role.eks_cluster"
          ]
        }
      ]
    },
    {
      "module": "module.iam",
      "mode": "managed",
      "type": "aws_iam_role_policy_attachment",
      "name": "eks_worker_node_policy",
      "provider": "provider[\"registry.terraform.io/hashicorp/aws\"]",
      "instances": [
        {
          "schema_version": 0,
          "attributes": {
            "id": "shopease-development-eks-node-role-20260501130516774100000006",
            "policy_arn": "arn:aws:iam::aws:policy/AmazonEKSWorkerNodePolicy",
            "role": "shopease-development-eks-node-role"
          },
          "sensitive_attributes": [],
          "identity_schema_version": 0,
          "private": "bnVsbA==",
          "dependencies": [
            "module.iam.aws_iam_role.eks_nodes"
          ]
        }
      ]
    },
    {
      "module": "module.iam",
      "mode": "managed",
      "type": "aws_kms_alias",
      "name": "eks_secrets",
      "provider": "provider[\"registry.terraform.io/hashicorp/aws\"]",
      "instances": [
        {
          "schema_version": 0,
          "attributes": {
            "arn": "arn:aws:kms:us-east-1:605855663470:alias/shopease-development-eks-secrets",
            "id": "alias/shopease-development-eks-secrets",
            "name": "alias/shopease-development-eks-secrets",
            "name_prefix": "",
            "target_key_arn": "arn:aws:kms:us-east-1:605855663470:key/a851e8ec-a3c5-416d-85af-c5108b2f983f",
            "target_key_id": "a851e8ec-a3c5-416d-85af-c5108b2f983f"
          },
          "sensitive_attributes": [],
          "identity_schema_version": 0,
          "private": "bnVsbA==",
          "dependencies": [
            "module.iam.aws_kms_key.eks_secrets"
          ]
        }
      ]
    },
    {
      "module": "module.iam",
      "mode": "managed",
      "type": "aws_kms_key",
      "name": "eks_secrets",
      "provider": "provider[\"registry.terraform.io/hashicorp/aws\"]",
      "instances": [
        {
          "schema_version": 0,
          "attributes": {
            "arn": "arn:aws:kms:us-east-1:605855663470:key/a851e8ec-a3c5-416d-85af-c5108b2f983f",
            "bypass_policy_lockout_safety_check": false,
            "custom_key_store_id": "",
            "customer_master_key_spec": "SYMMETRIC_DEFAULT",
            "deletion_window_in_days": 30,
            "description": "KMS key for EKS secrets encryption — shopease-development",
            "enable_key_rotation": true,
            "id": "a851e8ec-a3c5-416d-85af-c5108b2f983f",
            "is_enabled": true,
            "key_id": "a851e8ec-a3c5-416d-85af-c5108b2f983f",
            "key_usage": "ENCRYPT_DECRYPT",
            "multi_region": false,
            "policy": "{\"Statement\":[{\"Action\":\"kms:*\",\"Effect\":\"Allow\",\"Principal\":{\"AWS\":\"arn:aws:iam::605855663470:root\"},\"Resource\":\"*\",\"Sid\":\"EnableRootAccountAccess\"},{\"Action\":[\"kms:Decrypt\",\"kms:DescribeKey\",\"kms:Encrypt\",\"kms:ReEncrypt*\",\"kms:GenerateDataKey*\",\"kms:CreateGrant\"],\"Effect\":\"Allow\",\"Principal\":{\"Service\":\"eks.amazonaws.com\"},\"Resource\":\"*\",\"Sid\":\"AllowEKSControlPlane\"}],\"Version\":\"2012-10-17\"}",
            "rotation_period_in_days": 365,
            "tags": {
              "Application": "ShopEase-Ecommerce",
              "CostCenter": "engineering",
              "CreatedBy": "platform-team",
              "Environment": "development",
              "ManagedBy": "Terraform",
              "Name": "shopease-development-eks-secrets-key",
              "Owner": "devops@shopease.com",
              "Project": "shopease"
            },
            "tags_all": {
              "Application": "ShopEase-Ecommerce",
              "CostCenter": "engineering",
              "CreatedBy": "platform-team",
              "Environment": "development",
              "Layer": "1-infrastructure",
              "ManagedBy": "Terraform",
              "Name": "shopease-development-eks-secrets-key",
              "Owner": "devops@shopease.com",
              "Project": "shopease"
            },
            "timeouts": null,
            "xks_key_id": ""
          },
          "sensitive_attributes": [],
          "identity_schema_version": 0,
          "private": "eyJlMmJmYjczMC1lY2FhLTExZTYtOGY4OC0zNDM2M2JjN2M0YzAiOnsiY3JlYXRlIjoxMjAwMDAwMDAwMDB9fQ=="
        }
      ]
    },
    {
      "module": "module.iam",
      "mode": "managed",
      "type": "aws_kms_key_policy",
      "name": "eks_secrets",
      "provider": "provider[\"registry.terraform.io/hashicorp/aws\"]",
      "instances": [
        {
          "schema_version": 0,
          "attributes": {
            "bypass_policy_lockout_safety_check": false,
            "id": "a851e8ec-a3c5-416d-85af-c5108b2f983f",
            "key_id": "a851e8ec-a3c5-416d-85af-c5108b2f983f",
            "policy": "{\"Statement\":[{\"Action\":\"kms:*\",\"Effect\":\"Allow\",\"Principal\":{\"AWS\":\"arn:aws:iam::605855663470:root\"},\"Resource\":\"*\",\"Sid\":\"EnableRootAccountAccess\"},{\"Action\":[\"kms:Decrypt\",\"kms:DescribeKey\",\"kms:Encrypt\",\"kms:ReEncrypt*\",\"kms:GenerateDataKey*\",\"kms:CreateGrant\"],\"Effect\":\"Allow\",\"Principal\":{\"Service\":\"eks.amazonaws.com\"},\"Resource\":\"*\",\"Sid\":\"AllowEKSControlPlane\"}],\"Version\":\"2012-10-17\"}"
          },
          "sensitive_attributes": [],
          "identity_schema_version": 0,
          "private": "bnVsbA==",
          "dependencies": [
            "module.iam.aws_kms_key.eks_secrets",
            "module.iam.data.aws_caller_identity.current"
          ]
        }
      ]
    },
    {
      "module": "module.vpc",
      "mode": "data",
      "type": "aws_region",
      "name": "current",
      "provider": "provider[\"registry.terraform.io/hashicorp/aws\"]",
      "instances": [
        {
          "schema_version": 0,
          "attributes": {
            "description": "US East (N. Virginia)",
            "endpoint": "ec2.us-east-1.amazonaws.com",
            "id": "us-east-1",
            "name": "us-east-1"
          },
          "sensitive_attributes": [],
          "identity_schema_version": 0
        }
      ]
    },
    {
      "module": "module.vpc",
      "mode": "managed",
      "type": "aws_eip",
      "name": "nat",
      "provider": "provider[\"registry.terraform.io/hashicorp/aws\"]",
      "instances": [
        {
          "index_key": 0,
          "schema_version": 0,
          "attributes": {
            "address": null,
            "allocation_id": "eipalloc-0b072a126ca659825",
            "arn": "arn:aws:ec2:us-east-1:605855663470:elastic-ip/eipalloc-0b072a126ca659825",
            "associate_with_private_ip": null,
            "association_id": "eipassoc-014703a020210424c",
            "carrier_ip": "",
            "customer_owned_ip": "",
            "customer_owned_ipv4_pool": "",
            "domain": "vpc",
            "id": "eipalloc-0b072a126ca659825",
            "instance": "",
            "ipam_pool_id": null,
            "network_border_group": "us-east-1",
            "network_interface": "eni-02a30f4fc2fad65c1",
            "private_dns": "ip-10-0-1-94.ec2.internal",
            "private_ip": "10.0.1.94",
            "ptr_record": "",
            "public_dns": "ec2-32-197-29-22.compute-1.amazonaws.com",
            "public_ip": "32.197.29.22",
            "public_ipv4_pool": "amazon",
            "tags": {
              "Application": "ShopEase-Ecommerce",
              "CostCenter": "engineering",
              "CreatedBy": "platform-team",
              "Environment": "development",
              "ManagedBy": "Terraform",
              "Name": "shopease-development-nat-eip-1",
              "Owner": "devops@shopease.com",
              "Project": "shopease"
            },
            "tags_all": {
              "Application": "ShopEase-Ecommerce",
              "CostCenter": "engineering",
              "CreatedBy": "platform-team",
              "Environment": "development",
              "Layer": "1-infrastructure",
              "ManagedBy": "Terraform",
              "Name": "shopease-development-nat-eip-1",
              "Owner": "devops@shopease.com",
              "Project": "shopease"
            },
            "timeouts": null,
            "vpc": true
          },
          "sensitive_attributes": [],
          "identity_schema_version": 0,
          "private": "eyJlMmJmYjczMC1lY2FhLTExZTYtOGY4OC0zNDM2M2JjN2M0YzAiOnsiZGVsZXRlIjoxODAwMDAwMDAwMDAsInJlYWQiOjkwMDAwMDAwMDAwMCwidXBkYXRlIjozMDAwMDAwMDAwMDB9fQ==",
          "dependencies": [
            "module.vpc.aws_internet_gateway.main",
            "module.vpc.aws_vpc.main"
          ]
        },
        {
          "index_key": 1,
          "schema_version": 0,
          "attributes": {
            "address": null,
            "allocation_id": "eipalloc-02de7bd6785eeda3b",
            "arn": "arn:aws:ec2:us-east-1:605855663470:elastic-ip/eipalloc-02de7bd6785eeda3b",
            "associate_with_private_ip": null,
            "association_id": "eipassoc-005113b594b881064",
            "carrier_ip": "",
            "customer_owned_ip": "",
            "customer_owned_ipv4_pool": "",
            "domain": "vpc",
            "id": "eipalloc-02de7bd6785eeda3b",
            "instance": "",
            "ipam_pool_id": null,
            "network_border_group": "us-east-1",
            "network_interface": "eni-0ef5ab20862350a2f",
            "private_dns": "ip-10-0-2-70.ec2.internal",
            "private_ip": "10.0.2.70",
            "ptr_record": "",
            "public_dns": "ec2-100-24-188-37.compute-1.amazonaws.com",
            "public_ip": "100.24.188.37",
            "public_ipv4_pool": "amazon",
            "tags": {
              "Application": "ShopEase-Ecommerce",
              "CostCenter": "engineering",
              "CreatedBy": "platform-team",
              "Environment": "development",
              "ManagedBy": "Terraform",
              "Name": "shopease-development-nat-eip-2",
              "Owner": "devops@shopease.com",
              "Project": "shopease"
            },
            "tags_all": {
              "Application": "ShopEase-Ecommerce",
              "CostCenter": "engineering",
              "CreatedBy": "platform-team",
              "Environment": "development",
              "Layer": "1-infrastructure",
              "ManagedBy": "Terraform",
              "Name": "shopease-development-nat-eip-2",
              "Owner": "devops@shopease.com",
              "Project": "shopease"
            },
            "timeouts": null,
            "vpc": true
          },
          "sensitive_attributes": [],
          "identity_schema_version": 0,
          "private": "eyJlMmJmYjczMC1lY2FhLTExZTYtOGY4OC0zNDM2M2JjN2M0YzAiOnsiZGVsZXRlIjoxODAwMDAwMDAwMDAsInJlYWQiOjkwMDAwMDAwMDAwMCwidXBkYXRlIjozMDAwMDAwMDAwMDB9fQ==",
          "dependencies": [
            "module.vpc.aws_internet_gateway.main",
            "module.vpc.aws_vpc.main"
          ]
        }
      ]
    },
    {
      "module": "module.vpc",
      "mode": "managed",
      "type": "aws_internet_gateway",
      "name": "main",
      "provider": "provider[\"registry.terraform.io/hashicorp/aws\"]",
      "instances": [
        {
          "schema_version": 0,
          "attributes": {
            "arn": "arn:aws:ec2:us-east-1:605855663470:internet-gateway/igw-0c7bee0ce1a8fc219",
            "id": "igw-0c7bee0ce1a8fc219",
            "owner_id": "605855663470",
            "tags": {
              "Application": "ShopEase-Ecommerce",
              "CostCenter": "engineering",
              "CreatedBy": "platform-team",
              "Environment": "development",
              "ManagedBy": "Terraform",
              "Name": "shopease-development-igw",
              "Owner": "devops@shopease.com",
              "Project": "shopease"
            },
            "tags_all": {
              "Application": "ShopEase-Ecommerce",
              "CostCenter": "engineering",
              "CreatedBy": "platform-team",
              "Environment": "development",
              "Layer": "1-infrastructure",
              "ManagedBy": "Terraform",
              "Name": "shopease-development-igw",
              "Owner": "devops@shopease.com",
              "Project": "shopease"
            },
            "timeouts": null,
            "vpc_id": "vpc-0907f023f935ca317"
          },
          "sensitive_attributes": [],
          "identity_schema_version": 0,
          "private": "eyJlMmJmYjczMC1lY2FhLTExZTYtOGY4OC0zNDM2M2JjN2M0YzAiOnsiY3JlYXRlIjoxMjAwMDAwMDAwMDAwLCJkZWxldGUiOjEyMDAwMDAwMDAwMDAsInVwZGF0ZSI6MTIwMDAwMDAwMDAwMH19",
          "dependencies": [
            "module.vpc.aws_vpc.main"
          ]
        }
      ]
    },
    {
      "module": "module.vpc",
      "mode": "managed",
      "type": "aws_nat_gateway",
      "name": "main",
      "provider": "provider[\"registry.terraform.io/hashicorp/aws\"]",
      "instances": [
        {
          "index_key": 0,
          "schema_version": 0,
          "attributes": {
            "allocation_id": "eipalloc-0b072a126ca659825",
            "association_id": "eipassoc-014703a020210424c",
            "connectivity_type": "public",
            "id": "nat-05a692515b3cca619",
            "network_interface_id": "eni-02a30f4fc2fad65c1",
            "private_ip": "10.0.1.94",
            "public_ip": "32.197.29.22",
            "secondary_allocation_ids": [],
            "secondary_private_ip_address_count": 0,
            "secondary_private_ip_addresses": [],
            "subnet_id": "subnet-0df067557095a7cb4",
            "tags": {
              "Application": "ShopEase-Ecommerce",
              "CostCenter": "engineering",
              "CreatedBy": "platform-team",
              "Environment": "development",
              "ManagedBy": "Terraform",
              "Name": "shopease-development-nat-1",
              "Owner": "devops@shopease.com",
              "Project": "shopease"
            },
            "tags_all": {
              "Application": "ShopEase-Ecommerce",
              "CostCenter": "engineering",
              "CreatedBy": "platform-team",
              "Environment": "development",
              "Layer": "1-infrastructure",
              "ManagedBy": "Terraform",
              "Name": "shopease-development-nat-1",
              "Owner": "devops@shopease.com",
              "Project": "shopease"
            },
            "timeouts": null
          },
          "sensitive_attributes": [],
          "identity_schema_version": 0,
          "private": "eyJlMmJmYjczMC1lY2FhLTExZTYtOGY4OC0zNDM2M2JjN2M0YzAiOnsiY3JlYXRlIjo2MDAwMDAwMDAwMDAsImRlbGV0ZSI6MTgwMDAwMDAwMDAwMCwidXBkYXRlIjo2MDAwMDAwMDAwMDB9fQ==",
          "dependencies": [
            "module.vpc.aws_eip.nat",
            "module.vpc.aws_internet_gateway.main",
            "module.vpc.aws_subnet.public",
            "module.vpc.aws_vpc.main"
          ]
        },
        {
          "index_key": 1,
          "schema_version": 0,
          "attributes": {
            "allocation_id": "eipalloc-02de7bd6785eeda3b",
            "association_id": "eipassoc-005113b594b881064",
            "connectivity_type": "public",
            "id": "nat-07f5e024680f9e190",
            "network_interface_id": "eni-0ef5ab20862350a2f",
            "private_ip": "10.0.2.70",
            "public_ip": "100.24.188.37",
            "secondary_allocation_ids": [],
            "secondary_private_ip_address_count": 0,
            "secondary_private_ip_addresses": [],
            "subnet_id": "subnet-09e1f63aa3bde7904",
            "tags": {
              "Application": "ShopEase-Ecommerce",
              "CostCenter": "engineering",
              "CreatedBy": "platform-team",
              "Environment": "development",
              "ManagedBy": "Terraform",
              "Name": "shopease-development-nat-2",
              "Owner": "devops@shopease.com",
              "Project": "shopease"
            },
            "tags_all": {
              "Application": "ShopEase-Ecommerce",
              "CostCenter": "engineering",
              "CreatedBy": "platform-team",
              "Environment": "development",
              "Layer": "1-infrastructure",
              "ManagedBy": "Terraform",
              "Name": "shopease-development-nat-2",
              "Owner": "devops@shopease.com",
              "Project": "shopease"
            },
            "timeouts": null
          },
          "sensitive_attributes": [],
          "identity_schema_version": 0,
          "private": "eyJlMmJmYjczMC1lY2FhLTExZTYtOGY4OC0zNDM2M2JjN2M0YzAiOnsiY3JlYXRlIjo2MDAwMDAwMDAwMDAsImRlbGV0ZSI6MTgwMDAwMDAwMDAwMCwidXBkYXRlIjo2MDAwMDAwMDAwMDB9fQ==",
          "dependencies": [
            "module.vpc.aws_eip.nat",
            "module.vpc.aws_internet_gateway.main",
            "module.vpc.aws_subnet.public",
            "module.vpc.aws_vpc.main"
          ]
        }
      ]
    },
    {
      "module": "module.vpc",
      "mode": "managed",
      "type": "aws_route_table",
      "name": "private",
      "provider": "provider[\"registry.terraform.io/hashicorp/aws\"]",
      "instances": [
        {
          "index_key": 0,
          "schema_version": 0,
          "attributes": {
            "arn": "arn:aws:ec2:us-east-1:605855663470:route-table/rtb-0a315a90d6c618d59",
            "id": "rtb-0a315a90d6c618d59",
            "owner_id": "605855663470",
            "propagating_vgws": [],
            "route": [
              {
                "carrier_gateway_id": "",
                "cidr_block": "0.0.0.0/0",
                "core_network_arn": "",
                "destination_prefix_list_id": "",
                "egress_only_gateway_id": "",
                "gateway_id": "",
                "ipv6_cidr_block": "",
                "local_gateway_id": "",
                "nat_gateway_id": "nat-05a692515b3cca619",
                "network_interface_id": "",
                "transit_gateway_id": "",
                "vpc_endpoint_id": "",
                "vpc_peering_connection_id": ""
              }
            ],
            "tags": {
              "Application": "ShopEase-Ecommerce",
              "CostCenter": "engineering",
              "CreatedBy": "platform-team",
              "Environment": "development",
              "ManagedBy": "Terraform",
              "Name": "shopease-development-private-rt-1",
              "Owner": "devops@shopease.com",
              "Project": "shopease"
            },
            "tags_all": {
              "Application": "ShopEase-Ecommerce",
              "CostCenter": "engineering",
              "CreatedBy": "platform-team",
              "Environment": "development",
              "Layer": "1-infrastructure",
              "ManagedBy": "Terraform",
              "Name": "shopease-development-private-rt-1",
              "Owner": "devops@shopease.com",
              "Project": "shopease"
            },
            "timeouts": null,
            "vpc_id": "vpc-0907f023f935ca317"
          },
          "sensitive_attributes": [],
          "identity_schema_version": 0,
          "private": "eyJlMmJmYjczMC1lY2FhLTExZTYtOGY4OC0zNDM2M2JjN2M0YzAiOnsiY3JlYXRlIjozMDAwMDAwMDAwMDAsImRlbGV0ZSI6MzAwMDAwMDAwMDAwLCJ1cGRhdGUiOjEyMDAwMDAwMDAwMH19",
          "dependencies": [
            "module.vpc.aws_eip.nat",
            "module.vpc.aws_internet_gateway.main",
            "module.vpc.aws_nat_gateway.main",
            "module.vpc.aws_subnet.public",
            "module.vpc.aws_vpc.main"
          ]
        },
        {
          "index_key": 1,
          "schema_version": 0,
          "attributes": {
            "arn": "arn:aws:ec2:us-east-1:605855663470:route-table/rtb-03347619651ac3133",
            "id": "rtb-03347619651ac3133",
            "owner_id": "605855663470",
            "propagating_vgws": [],
            "route": [
              {
                "carrier_gateway_id": "",
                "cidr_block": "0.0.0.0/0",
                "core_network_arn": "",
                "destination_prefix_list_id": "",
                "egress_only_gateway_id": "",
                "gateway_id": "",
                "ipv6_cidr_block": "",
                "local_gateway_id": "",
                "nat_gateway_id": "nat-07f5e024680f9e190",
                "network_interface_id": "",
                "transit_gateway_id": "",
                "vpc_endpoint_id": "",
                "vpc_peering_connection_id": ""
              }
            ],
            "tags": {
              "Application": "ShopEase-Ecommerce",
              "CostCenter": "engineering",
              "CreatedBy": "platform-team",
              "Environment": "development",
              "ManagedBy": "Terraform",
              "Name": "shopease-development-private-rt-2",
              "Owner": "devops@shopease.com",
              "Project": "shopease"
            },
            "tags_all": {
              "Application": "ShopEase-Ecommerce",
              "CostCenter": "engineering",
              "CreatedBy": "platform-team",
              "Environment": "development",
              "Layer": "1-infrastructure",
              "ManagedBy": "Terraform",
              "Name": "shopease-development-private-rt-2",
              "Owner": "devops@shopease.com",
              "Project": "shopease"
            },
            "timeouts": null,
            "vpc_id": "vpc-0907f023f935ca317"
          },
          "sensitive_attributes": [],
          "identity_schema_version": 0,
          "private": "eyJlMmJmYjczMC1lY2FhLTExZTYtOGY4OC0zNDM2M2JjN2M0YzAiOnsiY3JlYXRlIjozMDAwMDAwMDAwMDAsImRlbGV0ZSI6MzAwMDAwMDAwMDAwLCJ1cGRhdGUiOjEyMDAwMDAwMDAwMH19",
          "dependencies": [
            "module.vpc.aws_eip.nat",
            "module.vpc.aws_internet_gateway.main",
            "module.vpc.aws_nat_gateway.main",
            "module.vpc.aws_subnet.public",
            "module.vpc.aws_vpc.main"
          ]
        }
      ]
    },
    {
      "module": "module.vpc",
      "mode": "managed",
      "type": "aws_route_table",
      "name": "public",
      "provider": "provider[\"registry.terraform.io/hashicorp/aws\"]",
      "instances": [
        {
          "schema_version": 0,
          "attributes": {
            "arn": "arn:aws:ec2:us-east-1:605855663470:route-table/rtb-0029a2903ed98b8d0",
            "id": "rtb-0029a2903ed98b8d0",
            "owner_id": "605855663470",
            "propagating_vgws": [],
            "route": [
              {
                "carrier_gateway_id": "",
                "cidr_block": "0.0.0.0/0",
                "core_network_arn": "",
                "destination_prefix_list_id": "",
                "egress_only_gateway_id": "",
                "gateway_id": "igw-0c7bee0ce1a8fc219",
                "ipv6_cidr_block": "",
                "local_gateway_id": "",
                "nat_gateway_id": "",
                "network_interface_id": "",
                "transit_gateway_id": "",
                "vpc_endpoint_id": "",
                "vpc_peering_connection_id": ""
              }
            ],
            "tags": {
              "Application": "ShopEase-Ecommerce",
              "CostCenter": "engineering",
              "CreatedBy": "platform-team",
              "Environment": "development",
              "ManagedBy": "Terraform",
              "Name": "shopease-development-public-rt",
              "Owner": "devops@shopease.com",
              "Project": "shopease"
            },
            "tags_all": {
              "Application": "ShopEase-Ecommerce",
              "CostCenter": "engineering",
              "CreatedBy": "platform-team",
              "Environment": "development",
              "Layer": "1-infrastructure",
              "ManagedBy": "Terraform",
              "Name": "shopease-development-public-rt",
              "Owner": "devops@shopease.com",
              "Project": "shopease"
            },
            "timeouts": null,
            "vpc_id": "vpc-0907f023f935ca317"
          },
          "sensitive_attributes": [],
          "identity_schema_version": 0,
          "private": "eyJlMmJmYjczMC1lY2FhLTExZTYtOGY4OC0zNDM2M2JjN2M0YzAiOnsiY3JlYXRlIjozMDAwMDAwMDAwMDAsImRlbGV0ZSI6MzAwMDAwMDAwMDAwLCJ1cGRhdGUiOjEyMDAwMDAwMDAwMH19",
          "dependencies": [
            "module.vpc.aws_internet_gateway.main",
            "module.vpc.aws_vpc.main"
          ]
        }
      ]
    },
    {
      "module": "module.vpc",
      "mode": "managed",
      "type": "aws_route_table_association",
      "name": "private",
      "provider": "provider[\"registry.terraform.io/hashicorp/aws\"]",
      "instances": [
        {
          "index_key": 0,
          "schema_version": 0,
          "attributes": {
            "gateway_id": "",
            "id": "rtbassoc-07f0a0376244b7dc1",
            "route_table_id": "rtb-0a315a90d6c618d59",
            "subnet_id": "subnet-0c5b33efce4351944",
            "timeouts": null
          },
          "sensitive_attributes": [],
          "identity_schema_version": 0,
          "private": "eyJlMmJmYjczMC1lY2FhLTExZTYtOGY4OC0zNDM2M2JjN2M0YzAiOnsiY3JlYXRlIjozMDAwMDAwMDAwMDAsImRlbGV0ZSI6MzAwMDAwMDAwMDAwLCJ1cGRhdGUiOjEyMDAwMDAwMDAwMH19",
          "dependencies": [
            "module.vpc.aws_eip.nat",
            "module.vpc.aws_internet_gateway.main",
            "module.vpc.aws_nat_gateway.main",
            "module.vpc.aws_route_table.private",
            "module.vpc.aws_subnet.private",
            "module.vpc.aws_subnet.public",
            "module.vpc.aws_vpc.main"
          ]
        },
        {
          "index_key": 1,
          "schema_version": 0,
          "attributes": {
            "gateway_id": "",
            "id": "rtbassoc-0543491751e95cd8e",
            "route_table_id": "rtb-03347619651ac3133",
            "subnet_id": "subnet-08086c8945dd6128a",
            "timeouts": null
          },
          "sensitive_attributes": [],
          "identity_schema_version": 0,
          "private": "eyJlMmJmYjczMC1lY2FhLTExZTYtOGY4OC0zNDM2M2JjN2M0YzAiOnsiY3JlYXRlIjozMDAwMDAwMDAwMDAsImRlbGV0ZSI6MzAwMDAwMDAwMDAwLCJ1cGRhdGUiOjEyMDAwMDAwMDAwMH19",
          "dependencies": [
            "module.vpc.aws_eip.nat",
            "module.vpc.aws_internet_gateway.main",
            "module.vpc.aws_nat_gateway.main",
            "module.vpc.aws_route_table.private",
            "module.vpc.aws_subnet.private",
            "module.vpc.aws_subnet.public",
            "module.vpc.aws_vpc.main"
          ]
        }
      ]
    },
    {
      "module": "module.vpc",
      "mode": "managed",
      "type": "aws_route_table_association",
      "name": "public",
      "provider": "provider[\"registry.terraform.io/hashicorp/aws\"]",
      "instances": [
        {
          "index_key": 0,
          "schema_version": 0,
          "attributes": {
            "gateway_id": "",
            "id": "rtbassoc-00ac805efac445524",
            "route_table_id": "rtb-0029a2903ed98b8d0",
            "subnet_id": "subnet-0df067557095a7cb4",
            "timeouts": null
          },
          "sensitive_attributes": [],
          "identity_schema_version": 0,
          "private": "eyJlMmJmYjczMC1lY2FhLTExZTYtOGY4OC0zNDM2M2JjN2M0YzAiOnsiY3JlYXRlIjozMDAwMDAwMDAwMDAsImRlbGV0ZSI6MzAwMDAwMDAwMDAwLCJ1cGRhdGUiOjEyMDAwMDAwMDAwMH19",
          "dependencies": [
            "module.vpc.aws_internet_gateway.main",
            "module.vpc.aws_route_table.public",
            "module.vpc.aws_subnet.public",
            "module.vpc.aws_vpc.main"
          ]
        },
        {
          "index_key": 1,
          "schema_version": 0,
          "attributes": {
            "gateway_id": "",
            "id": "rtbassoc-090791ce897ba6942",
            "route_table_id": "rtb-0029a2903ed98b8d0",
            "subnet_id": "subnet-09e1f63aa3bde7904",
            "timeouts": null
          },
          "sensitive_attributes": [],
          "identity_schema_version": 0,
          "private": "eyJlMmJmYjczMC1lY2FhLTExZTYtOGY4OC0zNDM2M2JjN2M0YzAiOnsiY3JlYXRlIjozMDAwMDAwMDAwMDAsImRlbGV0ZSI6MzAwMDAwMDAwMDAwLCJ1cGRhdGUiOjEyMDAwMDAwMDAwMH19",
          "dependencies": [
            "module.vpc.aws_internet_gateway.main",
            "module.vpc.aws_route_table.public",
            "module.vpc.aws_subnet.public",
            "module.vpc.aws_vpc.main"
          ]
        }
      ]
    },
    {
      "module": "module.vpc",
      "mode": "managed",
      "type": "aws_security_group",
      "name": "vpc_endpoints",
      "provider": "provider[\"registry.terraform.io/hashicorp/aws\"]",
      "instances": [
        {
          "schema_version": 1,
          "attributes": {
            "arn": "arn:aws:ec2:us-east-1:605855663470:security-group/sg-042b1ba40fc8f0173",
            "description": "Security group for VPC endpoints",
            "egress": [
              {
                "cidr_blocks": [
                  "0.0.0.0/0"
                ],
                "description": "Allow all outbound",
                "from_port": 0,
                "ipv6_cidr_blocks": [],
                "prefix_list_ids": [],
                "protocol": "-1",
                "security_groups": [],
                "self": false,
                "to_port": 0
              }
            ],
            "id": "sg-042b1ba40fc8f0173",
            "ingress": [
              {
                "cidr_blocks": [
                  "10.0.0.0/16"
                ],
                "description": "HTTPS from VPC",
                "from_port": 443,
                "ipv6_cidr_blocks": [],
                "prefix_list_ids": [],
                "protocol": "tcp",
                "security_groups": [],
                "self": false,
                "to_port": 443
              }
            ],
            "name": "shopease-development-vpc-endpoints-sg",
            "name_prefix": "",
            "owner_id": "605855663470",
            "revoke_rules_on_delete": false,
            "tags": {
              "Application": "ShopEase-Ecommerce",
              "CostCenter": "engineering",
              "CreatedBy": "platform-team",
              "Environment": "development",
              "ManagedBy": "Terraform",
              "Name": "shopease-development-vpc-endpoints-sg",
              "Owner": "devops@shopease.com",
              "Project": "shopease"
            },
            "tags_all": {
              "Application": "ShopEase-Ecommerce",
              "CostCenter": "engineering",
              "CreatedBy": "platform-team",
              "Environment": "development",
              "Layer": "1-infrastructure",
              "ManagedBy": "Terraform",
              "Name": "shopease-development-vpc-endpoints-sg",
              "Owner": "devops@shopease.com",
              "Project": "shopease"
            },
            "timeouts": null,
            "vpc_id": "vpc-0907f023f935ca317"
          },
          "sensitive_attributes": [],
          "identity_schema_version": 0,
          "private": "eyJlMmJmYjczMC1lY2FhLTExZTYtOGY4OC0zNDM2M2JjN2M0YzAiOnsiY3JlYXRlIjo2MDAwMDAwMDAwMDAsImRlbGV0ZSI6OTAwMDAwMDAwMDAwfSwic2NoZW1hX3ZlcnNpb24iOiIxIn0=",
          "dependencies": [
            "module.vpc.aws_vpc.main"
          ]
        }
      ]
    },
    {
      "module": "module.vpc",
      "mode": "managed",
      "type": "aws_subnet",
      "name": "private",
      "provider": "provider[\"registry.terraform.io/hashicorp/aws\"]",
      "instances": [
        {
          "index_key": 0,
          "schema_version": 1,
          "attributes": {
            "arn": "arn:aws:ec2:us-east-1:605855663470:subnet/subnet-0c5b33efce4351944",
            "assign_ipv6_address_on_creation": false,
            "availability_zone": "us-east-1a",
            "availability_zone_id": "use1-az1",
            "cidr_block": "10.0.10.0/24",
            "customer_owned_ipv4_pool": "",
            "enable_dns64": false,
            "enable_lni_at_device_index": 0,
            "enable_resource_name_dns_a_record_on_launch": false,
            "enable_resource_name_dns_aaaa_record_on_launch": false,
            "id": "subnet-0c5b33efce4351944",
            "ipv6_cidr_block": "",
            "ipv6_cidr_block_association_id": "",
            "ipv6_native": false,
            "map_customer_owned_ip_on_launch": false,
            "map_public_ip_on_launch": false,
            "outpost_arn": "",
            "owner_id": "605855663470",
            "private_dns_hostname_type_on_launch": "ip-name",
            "tags": {
              "Application": "ShopEase-Ecommerce",
              "CostCenter": "engineering",
              "CreatedBy": "platform-team",
              "Environment": "development",
              "ManagedBy": "Terraform",
              "Name": "shopease-development-private-subnet-1",
              "Owner": "devops@shopease.com",
              "Project": "shopease",
              "kubernetes.io/cluster/shopease-development-cluster": "shared",
              "kubernetes.io/role/internal-elb": "1"
            },
            "tags_all": {
              "Application": "ShopEase-Ecommerce",
              "CostCenter": "engineering",
              "CreatedBy": "platform-team",
              "Environment": "development",
              "Layer": "1-infrastructure",
              "ManagedBy": "Terraform",
              "Name": "shopease-development-private-subnet-1",
              "Owner": "devops@shopease.com",
              "Project": "shopease",
              "kubernetes.io/cluster/shopease-development-cluster": "shared",
              "kubernetes.io/role/internal-elb": "1"
            },
            "timeouts": null,
            "vpc_id": "vpc-0907f023f935ca317"
          },
          "sensitive_attributes": [],
          "identity_schema_version": 0,
          "private": "eyJlMmJmYjczMC1lY2FhLTExZTYtOGY4OC0zNDM2M2JjN2M0YzAiOnsiY3JlYXRlIjo2MDAwMDAwMDAwMDAsImRlbGV0ZSI6MTIwMDAwMDAwMDAwMH0sInNjaGVtYV92ZXJzaW9uIjoiMSJ9",
          "dependencies": [
            "module.vpc.aws_vpc.main"
          ]
        },
        {
          "index_key": 1,
          "schema_version": 1,
          "attributes": {
            "arn": "arn:aws:ec2:us-east-1:605855663470:subnet/subnet-08086c8945dd6128a",
            "assign_ipv6_address_on_creation": false,
            "availability_zone": "us-east-1b",
            "availability_zone_id": "use1-az2",
            "cidr_block": "10.0.20.0/24",
            "customer_owned_ipv4_pool": "",
            "enable_dns64": false,
            "enable_lni_at_device_index": 0,
            "enable_resource_name_dns_a_record_on_launch": false,
            "enable_resource_name_dns_aaaa_record_on_launch": false,
            "id": "subnet-08086c8945dd6128a",
            "ipv6_cidr_block": "",
            "ipv6_cidr_block_association_id": "",
            "ipv6_native": false,
            "map_customer_owned_ip_on_launch": false,
            "map_public_ip_on_launch": false,
            "outpost_arn": "",
            "owner_id": "605855663470",
            "private_dns_hostname_type_on_launch": "ip-name",
            "tags": {
              "Application": "ShopEase-Ecommerce",
              "CostCenter": "engineering",
              "CreatedBy": "platform-team",
              "Environment": "development",
              "ManagedBy": "Terraform",
              "Name": "shopease-development-private-subnet-2",
              "Owner": "devops@shopease.com",
              "Project": "shopease",
              "kubernetes.io/cluster/shopease-development-cluster": "shared",
              "kubernetes.io/role/internal-elb": "1"
            },
            "tags_all": {
              "Application": "ShopEase-Ecommerce",
              "CostCenter": "engineering",
              "CreatedBy": "platform-team",
              "Environment": "development",
              "Layer": "1-infrastructure",
              "ManagedBy": "Terraform",
              "Name": "shopease-development-private-subnet-2",
              "Owner": "devops@shopease.com",
              "Project": "shopease",
              "kubernetes.io/cluster/shopease-development-cluster": "shared",
              "kubernetes.io/role/internal-elb": "1"
            },
            "timeouts": null,
            "vpc_id": "vpc-0907f023f935ca317"
          },
          "sensitive_attributes": [],
          "identity_schema_version": 0,
          "private": "eyJlMmJmYjczMC1lY2FhLTExZTYtOGY4OC0zNDM2M2JjN2M0YzAiOnsiY3JlYXRlIjo2MDAwMDAwMDAwMDAsImRlbGV0ZSI6MTIwMDAwMDAwMDAwMH0sInNjaGVtYV92ZXJzaW9uIjoiMSJ9",
          "dependencies": [
            "module.vpc.aws_vpc.main"
          ]
        }
      ]
    },
    {
      "module": "module.vpc",
      "mode": "managed",
      "type": "aws_subnet",
      "name": "public",
      "provider": "provider[\"registry.terraform.io/hashicorp/aws\"]",
      "instances": [
        {
          "index_key": 0,
          "schema_version": 1,
          "attributes": {
            "arn": "arn:aws:ec2:us-east-1:605855663470:subnet/subnet-0df067557095a7cb4",
            "assign_ipv6_address_on_creation": false,
            "availability_zone": "us-east-1a",
            "availability_zone_id": "use1-az1",
            "cidr_block": "10.0.1.0/24",
            "customer_owned_ipv4_pool": "",
            "enable_dns64": false,
            "enable_lni_at_device_index": 0,
            "enable_resource_name_dns_a_record_on_launch": false,
            "enable_resource_name_dns_aaaa_record_on_launch": false,
            "id": "subnet-0df067557095a7cb4",
            "ipv6_cidr_block": "",
            "ipv6_cidr_block_association_id": "",
            "ipv6_native": false,
            "map_customer_owned_ip_on_launch": false,
            "map_public_ip_on_launch": true,
            "outpost_arn": "",
            "owner_id": "605855663470",
            "private_dns_hostname_type_on_launch": "ip-name",
            "tags": {
              "Application": "ShopEase-Ecommerce",
              "CostCenter": "engineering",
              "CreatedBy": "platform-team",
              "Environment": "development",
              "ManagedBy": "Terraform",
              "Name": "shopease-development-public-subnet-1",
              "Owner": "devops@shopease.com",
              "Project": "shopease",
              "kubernetes.io/cluster/shopease-development-cluster": "shared",
              "kubernetes.io/role/elb": "1"
            },
            "tags_all": {
              "Application": "ShopEase-Ecommerce",
              "CostCenter": "engineering",
              "CreatedBy": "platform-team",
              "Environment": "development",
              "Layer": "1-infrastructure",
              "ManagedBy": "Terraform",
              "Name": "shopease-development-public-subnet-1",
              "Owner": "devops@shopease.com",
              "Project": "shopease",
              "kubernetes.io/cluster/shopease-development-cluster": "shared",
              "kubernetes.io/role/elb": "1"
            },
            "timeouts": null,
            "vpc_id": "vpc-0907f023f935ca317"
          },
          "sensitive_attributes": [],
          "identity_schema_version": 0,
          "private": "eyJlMmJmYjczMC1lY2FhLTExZTYtOGY4OC0zNDM2M2JjN2M0YzAiOnsiY3JlYXRlIjo2MDAwMDAwMDAwMDAsImRlbGV0ZSI6MTIwMDAwMDAwMDAwMH0sInNjaGVtYV92ZXJzaW9uIjoiMSJ9",
          "dependencies": [
            "module.vpc.aws_vpc.main"
          ]
        },
        {
          "index_key": 1,
          "schema_version": 1,
          "attributes": {
            "arn": "arn:aws:ec2:us-east-1:605855663470:subnet/subnet-09e1f63aa3bde7904",
            "assign_ipv6_address_on_creation": false,
            "availability_zone": "us-east-1b",
            "availability_zone_id": "use1-az2",
            "cidr_block": "10.0.2.0/24",
            "customer_owned_ipv4_pool": "",
            "enable_dns64": false,
            "enable_lni_at_device_index": 0,
            "enable_resource_name_dns_a_record_on_launch": false,
            "enable_resource_name_dns_aaaa_record_on_launch": false,
            "id": "subnet-09e1f63aa3bde7904",
            "ipv6_cidr_block": "",
            "ipv6_cidr_block_association_id": "",
            "ipv6_native": false,
            "map_customer_owned_ip_on_launch": false,
            "map_public_ip_on_launch": true,
            "outpost_arn": "",
            "owner_id": "605855663470",
            "private_dns_hostname_type_on_launch": "ip-name",
            "tags": {
              "Application": "ShopEase-Ecommerce",
              "CostCenter": "engineering",
              "CreatedBy": "platform-team",
              "Environment": "development",
              "ManagedBy": "Terraform",
              "Name": "shopease-development-public-subnet-2",
              "Owner": "devops@shopease.com",
              "Project": "shopease",
              "kubernetes.io/cluster/shopease-development-cluster": "shared",
              "kubernetes.io/role/elb": "1"
            },
            "tags_all": {
              "Application": "ShopEase-Ecommerce",
              "CostCenter": "engineering",
              "CreatedBy": "platform-team",
              "Environment": "development",
              "Layer": "1-infrastructure",
              "ManagedBy": "Terraform",
              "Name": "shopease-development-public-subnet-2",
              "Owner": "devops@shopease.com",
              "Project": "shopease",
              "kubernetes.io/cluster/shopease-development-cluster": "shared",
              "kubernetes.io/role/elb": "1"
            },
            "timeouts": null,
            "vpc_id": "vpc-0907f023f935ca317"
          },
          "sensitive_attributes": [],
          "identity_schema_version": 0,
          "private": "eyJlMmJmYjczMC1lY2FhLTExZTYtOGY4OC0zNDM2M2JjN2M0YzAiOnsiY3JlYXRlIjo2MDAwMDAwMDAwMDAsImRlbGV0ZSI6MTIwMDAwMDAwMDAwMH0sInNjaGVtYV92ZXJzaW9uIjoiMSJ9",
          "dependencies": [
            "module.vpc.aws_vpc.main"
          ]
        }
      ]
    },
    {
      "module": "module.vpc",
      "mode": "managed",
      "type": "aws_vpc",
      "name": "main",
      "provider": "provider[\"registry.terraform.io/hashicorp/aws\"]",
      "instances": [
        {
          "schema_version": 1,
          "attributes": {
            "arn": "arn:aws:ec2:us-east-1:605855663470:vpc/vpc-0907f023f935ca317",
            "assign_generated_ipv6_cidr_block": false,
            "cidr_block": "10.0.0.0/16",
            "default_network_acl_id": "acl-01b84b7584c16c39d",
            "default_route_table_id": "rtb-028f4996e88a014bb",
            "default_security_group_id": "sg-0970a982475be0759",
            "dhcp_options_id": "dopt-00f4e723d98b05507",
            "enable_dns_hostnames": true,
            "enable_dns_support": true,
            "enable_network_address_usage_metrics": false,
            "id": "vpc-0907f023f935ca317",
            "instance_tenancy": "default",
            "ipv4_ipam_pool_id": null,
            "ipv4_netmask_length": null,
            "ipv6_association_id": "",
            "ipv6_cidr_block": "",
            "ipv6_cidr_block_network_border_group": "",
            "ipv6_ipam_pool_id": "",
            "ipv6_netmask_length": 0,
            "main_route_table_id": "rtb-028f4996e88a014bb",
            "owner_id": "605855663470",
            "tags": {
              "Application": "ShopEase-Ecommerce",
              "CostCenter": "engineering",
              "CreatedBy": "platform-team",
              "Environment": "development",
              "ManagedBy": "Terraform",
              "Name": "shopease-development-vpc",
              "Owner": "devops@shopease.com",
              "Project": "shopease"
            },
            "tags_all": {
              "Application": "ShopEase-Ecommerce",
              "CostCenter": "engineering",
              "CreatedBy": "platform-team",
              "Environment": "development",
              "Layer": "1-infrastructure",
              "ManagedBy": "Terraform",
              "Name": "shopease-development-vpc",
              "Owner": "devops@shopease.com",
              "Project": "shopease"
            }
          },
          "sensitive_attributes": [],
          "identity_schema_version": 0,
          "private": "eyJzY2hlbWFfdmVyc2lvbiI6IjEifQ=="
        }
      ]
    },
    {
      "module": "module.vpc",
      "mode": "managed",
      "type": "aws_vpc_endpoint",
      "name": "ec2",
      "provider": "provider[\"registry.terraform.io/hashicorp/aws\"]",
      "instances": [
        {
          "schema_version": 0,
          "attributes": {
            "arn": "arn:aws:ec2:us-east-1:605855663470:vpc-endpoint/vpce-07568be506796f781",
            "auto_accept": null,
            "cidr_blocks": [],
            "dns_entry": [
              {
                "dns_name": "vpce-07568be506796f781-xsmnxh20.ec2.us-east-1.vpce.amazonaws.com",
                "hosted_zone_id": "Z7HUB22UULQXV"
              },
              {
                "dns_name": "vpce-07568be506796f781-xsmnxh20-us-east-1a.ec2.us-east-1.vpce.amazonaws.com",
                "hosted_zone_id": "Z7HUB22UULQXV"
              },
              {
                "dns_name": "vpce-07568be506796f781-xsmnxh20-us-east-1b.ec2.us-east-1.vpce.amazonaws.com",
                "hosted_zone_id": "Z7HUB22UULQXV"
              },
              {
                "dns_name": "ec2.us-east-1.amazonaws.com",
                "hosted_zone_id": "Z01429193PY896LOWQCGN"
              },
              {
                "dns_name": "ec2.us-east-1.api.aws",
                "hosted_zone_id": "Z0177419N2GCTALSBS7M"
              }
            ],
            "dns_options": [
              {
                "dns_record_ip_type": "ipv4",
                "private_dns_only_for_inbound_resolver_endpoint": false
              }
            ],
            "id": "vpce-07568be506796f781",
            "ip_address_type": "ipv4",
            "network_interface_ids": [
              "eni-0c2d7fcd2ab32e924",
              "eni-0f0df1278d536f248"
            ],
            "owner_id": "605855663470",
            "policy": "{\"Statement\":[{\"Action\":\"*\",\"Effect\":\"Allow\",\"Principal\":\"*\",\"Resource\":\"*\"}]}",
            "prefix_list_id": null,
            "private_dns_enabled": true,
            "requester_managed": false,
            "resource_configuration_arn": "",
            "route_table_ids": [],
            "security_group_ids": [
              "sg-042b1ba40fc8f0173"
            ],
            "service_name": "com.amazonaws.us-east-1.ec2",
            "service_network_arn": "",
            "service_region": "us-east-1",
            "state": "available",
            "subnet_configuration": [
              {
                "ipv4": "10.0.10.164",
                "ipv6": "",
                "subnet_id": "subnet-0c5b33efce4351944"
              },
              {
                "ipv4": "10.0.20.239",
                "ipv6": "",
                "subnet_id": "subnet-08086c8945dd6128a"
              }
            ],
            "subnet_ids": [
              "subnet-08086c8945dd6128a",
              "subnet-0c5b33efce4351944"
            ],
            "tags": {
              "Application": "ShopEase-Ecommerce",
              "CostCenter": "engineering",
              "CreatedBy": "platform-team",
              "Environment": "development",
              "ManagedBy": "Terraform",
              "Name": "shopease-development-ec2-endpoint",
              "Owner": "devops@shopease.com",
              "Project": "shopease"
            },
            "tags_all": {
              "Application": "ShopEase-Ecommerce",
              "CostCenter": "engineering",
              "CreatedBy": "platform-team",
              "Environment": "development",
              "Layer": "1-infrastructure",
              "ManagedBy": "Terraform",
              "Name": "shopease-development-ec2-endpoint",
              "Owner": "devops@shopease.com",
              "Project": "shopease"
            },
            "timeouts": null,
            "vpc_endpoint_type": "Interface",
            "vpc_id": "vpc-0907f023f935ca317"
          },
          "sensitive_attributes": [],
          "identity_schema_version": 0,
          "private": "eyJlMmJmYjczMC1lY2FhLTExZTYtOGY4OC0zNDM2M2JjN2M0YzAiOnsiY3JlYXRlIjo2MDAwMDAwMDAwMDAsImRlbGV0ZSI6NjAwMDAwMDAwMDAwLCJ1cGRhdGUiOjYwMDAwMDAwMDAwMH19",
          "dependencies": [
            "module.vpc.aws_security_group.vpc_endpoints",
            "module.vpc.aws_subnet.private",
            "module.vpc.aws_vpc.main",
            "module.vpc.data.aws_region.current"
          ]
        }
      ]
    },
    {
      "module": "module.vpc",
      "mode": "managed",
      "type": "aws_vpc_endpoint",
      "name": "ecr_api",
      "provider": "provider[\"registry.terraform.io/hashicorp/aws\"]",
      "instances": [
        {
          "schema_version": 0,
          "attributes": {
            "arn": "arn:aws:ec2:us-east-1:605855663470:vpc-endpoint/vpce-01598384074fe5bb1",
            "auto_accept": null,
            "cidr_blocks": [],
            "dns_entry": [
              {
                "dns_name": "vpce-01598384074fe5bb1-lhtvxeze.api.ecr.us-east-1.vpce.amazonaws.com",
                "hosted_zone_id": "Z7HUB22UULQXV"
              },
              {
                "dns_name": "vpce-01598384074fe5bb1-lhtvxeze-us-east-1a.api.ecr.us-east-1.vpce.amazonaws.com",
                "hosted_zone_id": "Z7HUB22UULQXV"
              },
              {
                "dns_name": "vpce-01598384074fe5bb1-lhtvxeze-us-east-1b.api.ecr.us-east-1.vpce.amazonaws.com",
                "hosted_zone_id": "Z7HUB22UULQXV"
              },
              {
                "dns_name": "api.ecr.us-east-1.amazonaws.com",
                "hosted_zone_id": "Z01790912EJ0VN08P9JCN"
              },
              {
                "dns_name": "ecr.us-east-1.api.aws",
                "hosted_zone_id": "Z0687773214FUL4M4210O"
              }
            ],
            "dns_options": [
              {
                "dns_record_ip_type": "ipv4",
                "private_dns_only_for_inbound_resolver_endpoint": false
              }
            ],
            "id": "vpce-01598384074fe5bb1",
            "ip_address_type": "ipv4",
            "network_interface_ids": [
              "eni-0d776ba4c905e5e7b",
              "eni-0f1a674e17340e85a"
            ],
            "owner_id": "605855663470",
            "policy": "{\"Statement\":[{\"Action\":\"*\",\"Effect\":\"Allow\",\"Principal\":\"*\",\"Resource\":\"*\"}]}",
            "prefix_list_id": null,
            "private_dns_enabled": true,
            "requester_managed": false,
            "resource_configuration_arn": "",
            "route_table_ids": [],
            "security_group_ids": [
              "sg-042b1ba40fc8f0173"
            ],
            "service_name": "com.amazonaws.us-east-1.ecr.api",
            "service_network_arn": "",
            "service_region": "us-east-1",
            "state": "available",
            "subnet_configuration": [
              {
                "ipv4": "10.0.10.12",
                "ipv6": "",
                "subnet_id": "subnet-0c5b33efce4351944"
              },
              {
                "ipv4": "10.0.20.164",
                "ipv6": "",
                "subnet_id": "subnet-08086c8945dd6128a"
              }
            ],
            "subnet_ids": [
              "subnet-08086c8945dd6128a",
              "subnet-0c5b33efce4351944"
            ],
            "tags": {
              "Application": "ShopEase-Ecommerce",
              "CostCenter": "engineering",
              "CreatedBy": "platform-team",
              "Environment": "development",
              "ManagedBy": "Terraform",
              "Name": "shopease-development-ecr-api-endpoint",
              "Owner": "devops@shopease.com",
              "Project": "shopease"
            },
            "tags_all": {
              "Application": "ShopEase-Ecommerce",
              "CostCenter": "engineering",
              "CreatedBy": "platform-team",
              "Environment": "development",
              "Layer": "1-infrastructure",
              "ManagedBy": "Terraform",
              "Name": "shopease-development-ecr-api-endpoint",
              "Owner": "devops@shopease.com",
              "Project": "shopease"
            },
            "timeouts": null,
            "vpc_endpoint_type": "Interface",
            "vpc_id": "vpc-0907f023f935ca317"
          },
          "sensitive_attributes": [],
          "identity_schema_version": 0,
          "private": "eyJlMmJmYjczMC1lY2FhLTExZTYtOGY4OC0zNDM2M2JjN2M0YzAiOnsiY3JlYXRlIjo2MDAwMDAwMDAwMDAsImRlbGV0ZSI6NjAwMDAwMDAwMDAwLCJ1cGRhdGUiOjYwMDAwMDAwMDAwMH19",
          "dependencies": [
            "module.vpc.aws_security_group.vpc_endpoints",
            "module.vpc.aws_subnet.private",
            "module.vpc.aws_vpc.main",
            "module.vpc.data.aws_region.current"
          ]
        }
      ]
    },
    {
      "module": "module.vpc",
      "mode": "managed",
      "type": "aws_vpc_endpoint",
      "name": "ecr_dkr",
      "provider": "provider[\"registry.terraform.io/hashicorp/aws\"]",
      "instances": [
        {
          "schema_version": 0,
          "attributes": {
            "arn": "arn:aws:ec2:us-east-1:605855663470:vpc-endpoint/vpce-03e71406444e2402d",
            "auto_accept": null,
            "cidr_blocks": [],
            "dns_entry": [
              {
                "dns_name": "vpce-03e71406444e2402d-7w7n6761.dkr.ecr.us-east-1.vpce.amazonaws.com",
                "hosted_zone_id": "Z7HUB22UULQXV"
              },
              {
                "dns_name": "vpce-03e71406444e2402d-7w7n6761-us-east-1a.dkr.ecr.us-east-1.vpce.amazonaws.com",
                "hosted_zone_id": "Z7HUB22UULQXV"
              },
              {
                "dns_name": "vpce-03e71406444e2402d-7w7n6761-us-east-1b.dkr.ecr.us-east-1.vpce.amazonaws.com",
                "hosted_zone_id": "Z7HUB22UULQXV"
              },
              {
                "dns_name": "dkr.ecr.us-east-1.amazonaws.com",
                "hosted_zone_id": "Z03891631GK8YDMWQYT9"
              },
              {
                "dns_name": "*.dkr.ecr.us-east-1.amazonaws.com",
                "hosted_zone_id": "Z03891631GK8YDMWQYT9"
              },
              {
                "dns_name": "dkr-ecr.us-east-1.on.aws",
                "hosted_zone_id": "Z06845961G8EODHTU89KI"
              },
              {
                "dns_name": "*.dkr-ecr.us-east-1.on.aws",
                "hosted_zone_id": "Z06845961G8EODHTU89KI"
              }
            ],
            "dns_options": [
              {
                "dns_record_ip_type": "ipv4",
                "private_dns_only_for_inbound_resolver_endpoint": false
              }
            ],
            "id": "vpce-03e71406444e2402d",
            "ip_address_type": "ipv4",
            "network_interface_ids": [
              "eni-0376775fa62af6b4e",
              "eni-0ddab0b0356dc9c15"
            ],
            "owner_id": "605855663470",
            "policy": "{\"Statement\":[{\"Action\":\"*\",\"Effect\":\"Allow\",\"Principal\":\"*\",\"Resource\":\"*\"}]}",
            "prefix_list_id": null,
            "private_dns_enabled": true,
            "requester_managed": false,
            "resource_configuration_arn": "",
            "route_table_ids": [],
            "security_group_ids": [
              "sg-042b1ba40fc8f0173"
            ],
            "service_name": "com.amazonaws.us-east-1.ecr.dkr",
            "service_network_arn": "",
            "service_region": "us-east-1",
            "state": "available",
            "subnet_configuration": [
              {
                "ipv4": "10.0.10.244",
                "ipv6": "",
                "subnet_id": "subnet-0c5b33efce4351944"
              },
              {
                "ipv4": "10.0.20.118",
                "ipv6": "",
                "subnet_id": "subnet-08086c8945dd6128a"
              }
            ],
            "subnet_ids": [
              "subnet-08086c8945dd6128a",
              "subnet-0c5b33efce4351944"
            ],
            "tags": {
              "Application": "ShopEase-Ecommerce",
              "CostCenter": "engineering",
              "CreatedBy": "platform-team",
              "Environment": "development",
              "ManagedBy": "Terraform",
              "Name": "shopease-development-ecr-dkr-endpoint",
              "Owner": "devops@shopease.com",
              "Project": "shopease"
            },
            "tags_all": {
              "Application": "ShopEase-Ecommerce",
              "CostCenter": "engineering",
              "CreatedBy": "platform-team",
              "Environment": "development",
              "Layer": "1-infrastructure",
              "ManagedBy": "Terraform",
              "Name": "shopease-development-ecr-dkr-endpoint",
              "Owner": "devops@shopease.com",
              "Project": "shopease"
            },
            "timeouts": null,
            "vpc_endpoint_type": "Interface",
            "vpc_id": "vpc-0907f023f935ca317"
          },
          "sensitive_attributes": [],
          "identity_schema_version": 0,
          "private": "eyJlMmJmYjczMC1lY2FhLTExZTYtOGY4OC0zNDM2M2JjN2M0YzAiOnsiY3JlYXRlIjo2MDAwMDAwMDAwMDAsImRlbGV0ZSI6NjAwMDAwMDAwMDAwLCJ1cGRhdGUiOjYwMDAwMDAwMDAwMH19",
          "dependencies": [
            "module.vpc.aws_security_group.vpc_endpoints",
            "module.vpc.aws_subnet.private",
            "module.vpc.aws_vpc.main",
            "module.vpc.data.aws_region.current"
          ]
        }
      ]
    },
    {
      "module": "module.vpc",
      "mode": "managed",
      "type": "aws_vpc_endpoint",
      "name": "s3",
      "provider": "provider[\"registry.terraform.io/hashicorp/aws\"]",
      "instances": [
        {
          "schema_version": 0,
          "attributes": {
            "arn": "arn:aws:ec2:us-east-1:605855663470:vpc-endpoint/vpce-03dfe5b3d612bb185",
            "auto_accept": null,
            "cidr_blocks": [
              "16.15.176.0/20",
              "16.182.0.0/16",
              "18.34.0.0/19",
              "52.216.0.0/15",
              "54.231.0.0/16",
              "3.5.0.0/19",
              "18.34.232.0/21",
              "16.15.192.0/18"
            ],
            "dns_entry": [],
            "dns_options": [
              {
                "dns_record_ip_type": "service-defined",
                "private_dns_only_for_inbound_resolver_endpoint": false
              }
            ],
            "id": "vpce-03dfe5b3d612bb185",
            "ip_address_type": "ipv4",
            "network_interface_ids": [],
            "owner_id": "605855663470",
            "policy": "{\"Statement\":[{\"Action\":\"*\",\"Effect\":\"Allow\",\"Principal\":\"*\",\"Resource\":\"*\"}],\"Version\":\"2008-10-17\"}",
            "prefix_list_id": "pl-63a5400a",
            "private_dns_enabled": false,
            "requester_managed": false,
            "resource_configuration_arn": "",
            "route_table_ids": [
              "rtb-03347619651ac3133",
              "rtb-0a315a90d6c618d59"
            ],
            "security_group_ids": [],
            "service_name": "com.amazonaws.us-east-1.s3",
            "service_network_arn": "",
            "service_region": "us-east-1",
            "state": "available",
            "subnet_configuration": [],
            "subnet_ids": [],
            "tags": {
              "Application": "ShopEase-Ecommerce",
              "CostCenter": "engineering",
              "CreatedBy": "platform-team",
              "Environment": "development",
              "ManagedBy": "Terraform",
              "Name": "shopease-development-s3-endpoint",
              "Owner": "devops@shopease.com",
              "Project": "shopease"
            },
            "tags_all": {
              "Application": "ShopEase-Ecommerce",
              "CostCenter": "engineering",
              "CreatedBy": "platform-team",
              "Environment": "development",
              "Layer": "1-infrastructure",
              "ManagedBy": "Terraform",
              "Name": "shopease-development-s3-endpoint",
              "Owner": "devops@shopease.com",
              "Project": "shopease"
            },
            "timeouts": null,
            "vpc_endpoint_type": "Gateway",
            "vpc_id": "vpc-0907f023f935ca317"
          },
          "sensitive_attributes": [],
          "identity_schema_version": 0,
          "private": "eyJlMmJmYjczMC1lY2FhLTExZTYtOGY4OC0zNDM2M2JjN2M0YzAiOnsiY3JlYXRlIjo2MDAwMDAwMDAwMDAsImRlbGV0ZSI6NjAwMDAwMDAwMDAwLCJ1cGRhdGUiOjYwMDAwMDAwMDAwMH19",
          "dependencies": [
            "module.vpc.aws_eip.nat",
            "module.vpc.aws_internet_gateway.main",
            "module.vpc.aws_nat_gateway.main",
            "module.vpc.aws_route_table.private",
            "module.vpc.aws_subnet.public",
            "module.vpc.aws_vpc.main",
            "module.vpc.data.aws_region.current"
          ]
        }
      ]
    }
  ],
  "check_results": null
}
